
Microsoft Visual Studio Solution File, Format Version 12.00
# Visual Studio Version 17
VisualStudioVersion = 17.9.34622.214
MinimumVisualStudioVersion = 10.0.40219.1
Project("{8BC9CEB8-8B4A-11D0-8D11-00A0C91BC942}") = "Scratch", "Scratch\Scratch.vcxproj", "{05D0B2FC-E66F-4263-8324-2607C39F6118}"
EndProject
Global
	GlobalSection(SolutionConfigurationPlatforms) = preSolution
		Debug|x64 = Debug|x64
		Debug|x86 = Debug|x86
		Release|x64 = Release|x64
		Release|x86 = Release|x86
	EndGlobalSection
	GlobalSection(ProjectConfigurationPlatforms) = postSolution
		{05D0B2FC-E66F-4263-8324-2607C39F6118}.Debug|x64.ActiveCfg = Debug|x64
		{05D0B2FC-E66F-4263-8324-2607C39F6118}.Debug|x64.Build.0 = Debug|x64
		{05D0B2FC-E66F-4263-8324-2607C39F6118}.Debug|x86.ActiveCfg = Debug|Win32
		{05D0B2FC-E66F-4263-8324-2607C39F6118}.Debug|x86.Build.0 = Debug|Win32
		{05D0B2FC-E66F-4263-8324-2607C39F6118}.Release|x64.ActiveCfg = Release|x64
		{05D0B2FC-E66F-4263-8324-2607C39F6118}.Release|x64.Build.0 = Release|x64
		{05D0B2FC-E66F-4263-8324-2607C39F6118}.Release|x86.ActiveCfg = Release|Win32
		{05D0B2FC-E66F-4263-8324-2607C39F6118}.Release|x86.Build.0 = Release|Win32
	EndGlobalSection
	GlobalSection(SolutionProperties) = preSolution
		HideSolutionNode = FALSE
	EndGlobalSection
	GlobalSection(ExtensibilityGlobals) = postSolution
		SolutionGuid = {C6177096-AF2E-49D8-9651-2F85D9F7A3BA}
	EndGlobalSection
EndGlobal
