
Microsoft Visual Studio Solution File, Format Version 12.00
# Visual Studio Version 17
VisualStudioVersion = 17.14.36717.8
MinimumVisualStudioVersion = 10.0.40219.1
Project("{8BC9CEB8-8B4A-11D0-8D11-00A0C91BC942}") = "MMHelper.2017", "MMHelper\MMHelper.2017.vcxproj", "{D64EE06C-987D-493C-969A-CF1D8F4390A9}"
EndProject
Project("{8BC9CEB8-8B4A-11D0-8D11-00A0C91BC942}") = "tinyxml2.2017", "ThirdDepend\tinyxml2\vs\tinyxml2.2017.vcxproj", "{7C72653A-E6F8-4584-B553-DE3A0AEE4356}"
EndProject
Project("{8BC9CEB8-8B4A-11D0-8D11-00A0C91BC942}") = "DUIThink.2017", "DUIThink\DUIThink.2017.vcxproj", "{9540DC14-C8F1-4CD5-B25E-AFBF9567E11E}"
EndProject
Project("{2150E333-8FDC-42A3-9474-1A3956D46DE8}") = "webp", "webp", "{02EA681E-C7D8-13C7-8484-4AC65E1B71E8}"
EndProject
Project("{8BC9CEB8-8B4A-11D0-8D11-00A0C91BC942}") = "sharpyuv", "ThirdDepend\webp\vs\sharpyuv.vcxproj", "{4699CADB-7362-30C9-B0D0-25C4B88988DA}"
EndProject
Project("{8BC9CEB8-8B4A-11D0-8D11-00A0C91BC942}") = "webp", "ThirdDepend\webp\vs\webp.vcxproj", "{0EF1F64A-3427-335C-B396-186B76D4B58F}"
EndProject
Project("{8BC9CEB8-8B4A-11D0-8D11-00A0C91BC942}") = "webpdecode", "ThirdDepend\webp\vs\webpdecode.vcxproj", "{18A65F9E-99E7-382B-8E92-03E26F8E61FE}"
EndProject
Project("{8BC9CEB8-8B4A-11D0-8D11-00A0C91BC942}") = "webpdecoder", "ThirdDepend\webp\vs\webpdecoder.vcxproj", "{FB573304-4A90-3C74-8EE3-492B0EE488BB}"
EndProject
Project("{8BC9CEB8-8B4A-11D0-8D11-00A0C91BC942}") = "webpdemux", "ThirdDepend\webp\vs\webpdemux.vcxproj", "{5015D271-C44C-3F3A-93B7-AF7C7A4B8B86}"
EndProject
Project("{8BC9CEB8-8B4A-11D0-8D11-00A0C91BC942}") = "webpdspdecode", "ThirdDepend\webp\vs\webpdspdecode.vcxproj", "{BB6FEACC-E72A-3924-914D-EA27078185E5}"
EndProject
Project("{8BC9CEB8-8B4A-11D0-8D11-00A0C91BC942}") = "webputilsdecode", "ThirdDepend\webp\vs\webputilsdecode.vcxproj", "{432D9AA3-4594-3625-8C13-D634B335BEFD}"
EndProject
Project("{8BC9CEB8-8B4A-11D0-8D11-00A0C91BC942}") = "webpdsp", "ThirdDepend\webp\vs\webpdsp.vcxproj", "{CDD35F96-56DD-3825-961F-CB9C2D245405}"
EndProject
Project("{8BC9CEB8-8B4A-11D0-8D11-00A0C91BC942}") = "webpencode", "ThirdDepend\webp\vs\webpencode.vcxproj", "{B603B4AE-C290-36F8-8C2C-C01E3E2EFD52}"
EndProject
Project("{8BC9CEB8-8B4A-11D0-8D11-00A0C91BC942}") = "webputils", "ThirdDepend\webp\vs\webputils.vcxproj", "{7BCB92E4-A7A2-317A-8D33-5F8162C49F51}"
EndProject
Global
	GlobalSection(SolutionConfigurationPlatforms) = preSolution
		Debug_Design|x64 = Debug_Design|x64
		Debug_Design|x86 = Debug_Design|x86
		Debug_Unicode_MT|x64 = Debug_Unicode_MT|x64
		Debug_Unicode_MT|x86 = Debug_Unicode_MT|x86
		Debug_Unicode_Static_MT|x64 = Debug_Unicode_Static_MT|x64
		Debug_Unicode_Static_MT|x86 = Debug_Unicode_Static_MT|x86
		Debug_Unicode_Static|x64 = Debug_Unicode_Static|x64
		Debug_Unicode_Static|x86 = Debug_Unicode_Static|x86
		Debug_Unicode|x64 = Debug_Unicode|x64
		Debug_Unicode|x86 = Debug_Unicode|x86
		Release_Design|x64 = Release_Design|x64
		Release_Design|x86 = Release_Design|x86
		Release_Unicode_MT|x64 = Release_Unicode_MT|x64
		Release_Unicode_MT|x86 = Release_Unicode_MT|x86
		Release_Unicode_Static_MT|x64 = Release_Unicode_Static_MT|x64
		Release_Unicode_Static_MT|x86 = Release_Unicode_Static_MT|x86
		Release_Unicode_Static|x64 = Release_Unicode_Static|x64
		Release_Unicode_Static|x86 = Release_Unicode_Static|x86
		Release_Unicode|x64 = Release_Unicode|x64
		Release_Unicode|x86 = Release_Unicode|x86
	EndGlobalSection
	GlobalSection(ProjectConfigurationPlatforms) = postSolution
		{D64EE06C-987D-493C-969A-CF1D8F4390A9}.Debug_Design|x64.ActiveCfg = Debug_Unicode|x64
		{D64EE06C-987D-493C-969A-CF1D8F4390A9}.Debug_Design|x64.Build.0 = Debug_Unicode|x64
		{D64EE06C-987D-493C-969A-CF1D8F4390A9}.Debug_Design|x86.ActiveCfg = Debug_Unicode|Win32
		{D64EE06C-987D-493C-969A-CF1D8F4390A9}.Debug_Design|x86.Build.0 = Debug_Unicode|Win32
		{D64EE06C-987D-493C-969A-CF1D8F4390A9}.Debug_Unicode_MT|x64.ActiveCfg = Debug_Unicode_MT|x64
		{D64EE06C-987D-493C-969A-CF1D8F4390A9}.Debug_Unicode_MT|x64.Build.0 = Debug_Unicode_MT|x64
		{D64EE06C-987D-493C-969A-CF1D8F4390A9}.Debug_Unicode_MT|x86.ActiveCfg = Debug_Unicode_MT|Win32
		{D64EE06C-987D-493C-969A-CF1D8F4390A9}.Debug_Unicode_MT|x86.Build.0 = Debug_Unicode_MT|Win32
		{D64EE06C-987D-493C-969A-CF1D8F4390A9}.Debug_Unicode_Static_MT|x64.ActiveCfg = Debug_Unicode_Static_MT|x64
		{D64EE06C-987D-493C-969A-CF1D8F4390A9}.Debug_Unicode_Static_MT|x64.Build.0 = Debug_Unicode_Static_MT|x64
		{D64EE06C-987D-493C-969A-CF1D8F4390A9}.Debug_Unicode_Static_MT|x86.ActiveCfg = Debug_Unicode_Static_MT|Win32
		{D64EE06C-987D-493C-969A-CF1D8F4390A9}.Debug_Unicode_Static_MT|x86.Build.0 = Debug_Unicode_Static_MT|Win32
		{D64EE06C-987D-493C-969A-CF1D8F4390A9}.Debug_Unicode_Static|x64.ActiveCfg = Debug_Unicode_Static|x64
		{D64EE06C-987D-493C-969A-CF1D8F4390A9}.Debug_Unicode_Static|x64.Build.0 = Debug_Unicode_Static|x64
		{D64EE06C-987D-493C-969A-CF1D8F4390A9}.Debug_Unicode_Static|x86.ActiveCfg = Debug_Unicode_Static|Win32
		{D64EE06C-987D-493C-969A-CF1D8F4390A9}.Debug_Unicode_Static|x86.Build.0 = Debug_Unicode_Static|Win32
		{D64EE06C-987D-493C-969A-CF1D8F4390A9}.Debug_Unicode|x64.ActiveCfg = Debug_Unicode|x64
		{D64EE06C-987D-493C-969A-CF1D8F4390A9}.Debug_Unicode|x64.Build.0 = Debug_Unicode|x64
		{D64EE06C-987D-493C-969A-CF1D8F4390A9}.Debug_Unicode|x86.ActiveCfg = Debug_Unicode|Win32
		{D64EE06C-987D-493C-969A-CF1D8F4390A9}.Debug_Unicode|x86.Build.0 = Debug_Unicode|Win32
		{D64EE06C-987D-493C-969A-CF1D8F4390A9}.Release_Design|x64.ActiveCfg = Release_Unicode|x64
		{D64EE06C-987D-493C-969A-CF1D8F4390A9}.Release_Design|x64.Build.0 = Release_Unicode|x64
		{D64EE06C-987D-493C-969A-CF1D8F4390A9}.Release_Design|x86.ActiveCfg = Release_Unicode|Win32
		{D64EE06C-987D-493C-969A-CF1D8F4390A9}.Release_Design|x86.Build.0 = Release_Unicode|Win32
		{D64EE06C-987D-493C-969A-CF1D8F4390A9}.Release_Unicode_MT|x64.ActiveCfg = Release_Unicode_MT|x64
		{D64EE06C-987D-493C-969A-CF1D8F4390A9}.Release_Unicode_MT|x64.Build.0 = Release_Unicode_MT|x64
		{D64EE06C-987D-493C-969A-CF1D8F4390A9}.Release_Unicode_MT|x86.ActiveCfg = Release_Unicode_MT|Win32
		{D64EE06C-987D-493C-969A-CF1D8F4390A9}.Release_Unicode_MT|x86.Build.0 = Release_Unicode_MT|Win32
		{D64EE06C-987D-493C-969A-CF1D8F4390A9}.Release_Unicode_Static_MT|x64.ActiveCfg = Release_Unicode_Static_MT|x64
		{D64EE06C-987D-493C-969A-CF1D8F4390A9}.Release_Unicode_Static_MT|x64.Build.0 = Release_Unicode_Static_MT|x64
		{D64EE06C-987D-493C-969A-CF1D8F4390A9}.Release_Unicode_Static_MT|x86.ActiveCfg = Release_Unicode_Static_MT|Win32
		{D64EE06C-987D-493C-969A-CF1D8F4390A9}.Release_Unicode_Static_MT|x86.Build.0 = Release_Unicode_Static_MT|Win32
		{D64EE06C-987D-493C-969A-CF1D8F4390A9}.Release_Unicode_Static|x64.ActiveCfg = Release_Unicode_Static|x64
		{D64EE06C-987D-493C-969A-CF1D8F4390A9}.Release_Unicode_Static|x64.Build.0 = Release_Unicode_Static|x64
		{D64EE06C-987D-493C-969A-CF1D8F4390A9}.Release_Unicode_Static|x86.ActiveCfg = Release_Unicode_Static|Win32
		{D64EE06C-987D-493C-969A-CF1D8F4390A9}.Release_Unicode_Static|x86.Build.0 = Release_Unicode_Static|Win32
		{D64EE06C-987D-493C-969A-CF1D8F4390A9}.Release_Unicode|x64.ActiveCfg = Release_Unicode|x64
		{D64EE06C-987D-493C-969A-CF1D8F4390A9}.Release_Unicode|x64.Build.0 = Release_Unicode|x64
		{D64EE06C-987D-493C-969A-CF1D8F4390A9}.Release_Unicode|x86.ActiveCfg = Release_Unicode|Win32
		{D64EE06C-987D-493C-969A-CF1D8F4390A9}.Release_Unicode|x86.Build.0 = Release_Unicode|Win32
		{7C72653A-E6F8-4584-B553-DE3A0AEE4356}.Debug_Design|x64.ActiveCfg = Debug_Unicode_Static|x64
		{7C72653A-E6F8-4584-B553-DE3A0AEE4356}.Debug_Design|x64.Build.0 = Debug_Unicode_Static|x64
		{7C72653A-E6F8-4584-B553-DE3A0AEE4356}.Debug_Design|x86.ActiveCfg = Debug_Unicode_Static|Win32
		{7C72653A-E6F8-4584-B553-DE3A0AEE4356}.Debug_Design|x86.Build.0 = Debug_Unicode_Static|Win32
		{7C72653A-E6F8-4584-B553-DE3A0AEE4356}.Debug_Unicode_MT|x64.ActiveCfg = Debug_Unicode_Static_MT|x64
		{7C72653A-E6F8-4584-B553-DE3A0AEE4356}.Debug_Unicode_MT|x64.Build.0 = Debug_Unicode_Static_MT|x64
		{7C72653A-E6F8-4584-B553-DE3A0AEE4356}.Debug_Unicode_MT|x86.ActiveCfg = Debug_Unicode_Static_MT|Win32
		{7C72653A-E6F8-4584-B553-DE3A0AEE4356}.Debug_Unicode_MT|x86.Build.0 = Debug_Unicode_Static_MT|Win32
		{7C72653A-E6F8-4584-B553-DE3A0AEE4356}.Debug_Unicode_Static_MT|x64.ActiveCfg = Debug_Unicode_Static_MT|x64
		{7C72653A-E6F8-4584-B553-DE3A0AEE4356}.Debug_Unicode_Static_MT|x64.Build.0 = Debug_Unicode_Static_MT|x64
		{7C72653A-E6F8-4584-B553-DE3A0AEE4356}.Debug_Unicode_Static_MT|x86.ActiveCfg = Debug_Unicode_Static_MT|Win32
		{7C72653A-E6F8-4584-B553-DE3A0AEE4356}.Debug_Unicode_Static_MT|x86.Build.0 = Debug_Unicode_Static_MT|Win32
		{7C72653A-E6F8-4584-B553-DE3A0AEE4356}.Debug_Unicode_Static|x64.ActiveCfg = Debug_Unicode_Static|x64
		{7C72653A-E6F8-4584-B553-DE3A0AEE4356}.Debug_Unicode_Static|x64.Build.0 = Debug_Unicode_Static|x64
		{7C72653A-E6F8-4584-B553-DE3A0AEE4356}.Debug_Unicode_Static|x86.ActiveCfg = Debug_Unicode_Static|Win32
		{7C72653A-E6F8-4584-B553-DE3A0AEE4356}.Debug_Unicode_Static|x86.Build.0 = Debug_Unicode_Static|Win32
		{7C72653A-E6F8-4584-B553-DE3A0AEE4356}.Debug_Unicode|x64.ActiveCfg = Debug_Unicode_Static|x64
		{7C72653A-E6F8-4584-B553-DE3A0AEE4356}.Debug_Unicode|x64.Build.0 = Debug_Unicode_Static|x64
		{7C72653A-E6F8-4584-B553-DE3A0AEE4356}.Debug_Unicode|x86.ActiveCfg = Debug_Unicode_Static|Win32
		{7C72653A-E6F8-4584-B553-DE3A0AEE4356}.Debug_Unicode|x86.Build.0 = Debug_Unicode_Static|Win32
		{7C72653A-E6F8-4584-B553-DE3A0AEE4356}.Release_Design|x64.ActiveCfg = Release_Unicode_Static|x64
		{7C72653A-E6F8-4584-B553-DE3A0AEE4356}.Release_Design|x64.Build.0 = Release_Unicode_Static|x64
		{7C72653A-E6F8-4584-B553-DE3A0AEE4356}.Release_Design|x86.ActiveCfg = Release_Unicode_Static|Win32
		{7C72653A-E6F8-4584-B553-DE3A0AEE4356}.Release_Design|x86.Build.0 = Release_Unicode_Static|Win32
		{7C72653A-E6F8-4584-B553-DE3A0AEE4356}.Release_Unicode_MT|x64.ActiveCfg = Release_Unicode_Static_MT|x64
		{7C72653A-E6F8-4584-B553-DE3A0AEE4356}.Release_Unicode_MT|x64.Build.0 = Release_Unicode_Static_MT|x64
		{7C72653A-E6F8-4584-B553-DE3A0AEE4356}.Release_Unicode_MT|x86.ActiveCfg = Release_Unicode_Static_MT|Win32
		{7C72653A-E6F8-4584-B553-DE3A0AEE4356}.Release_Unicode_MT|x86.Build.0 = Release_Unicode_Static_MT|Win32
		{7C72653A-E6F8-4584-B553-DE3A0AEE4356}.Release_Unicode_Static_MT|x64.ActiveCfg = Release_Unicode_Static_MT|x64
		{7C72653A-E6F8-4584-B553-DE3A0AEE4356}.Release_Unicode_Static_MT|x64.Build.0 = Release_Unicode_Static_MT|x64
		{7C72653A-E6F8-4584-B553-DE3A0AEE4356}.Release_Unicode_Static_MT|x86.ActiveCfg = Release_Unicode_Static_MT|Win32
		{7C72653A-E6F8-4584-B553-DE3A0AEE4356}.Release_Unicode_Static_MT|x86.Build.0 = Release_Unicode_Static_MT|Win32
		{7C72653A-E6F8-4584-B553-DE3A0AEE4356}.Release_Unicode_Static|x64.ActiveCfg = Release_Unicode_Static|x64
		{7C72653A-E6F8-4584-B553-DE3A0AEE4356}.Release_Unicode_Static|x64.Build.0 = Release_Unicode_Static|x64
		{7C72653A-E6F8-4584-B553-DE3A0AEE4356}.Release_Unicode_Static|x86.ActiveCfg = Release_Unicode_Static|Win32
		{7C72653A-E6F8-4584-B553-DE3A0AEE4356}.Release_Unicode_Static|x86.Build.0 = Release_Unicode_Static|Win32
		{7C72653A-E6F8-4584-B553-DE3A0AEE4356}.Release_Unicode|x64.ActiveCfg = Release_Unicode_Static|x64
		{7C72653A-E6F8-4584-B553-DE3A0AEE4356}.Release_Unicode|x64.Build.0 = Release_Unicode_Static|x64
		{7C72653A-E6F8-4584-B553-DE3A0AEE4356}.Release_Unicode|x86.ActiveCfg = Release_Unicode_Static|Win32
		{7C72653A-E6F8-4584-B553-DE3A0AEE4356}.Release_Unicode|x86.Build.0 = Release_Unicode_Static|Win32
		{9540DC14-C8F1-4CD5-B25E-AFBF9567E11E}.Debug_Design|x64.ActiveCfg = Debug_Design|x64
		{9540DC14-C8F1-4CD5-B25E-AFBF9567E11E}.Debug_Design|x64.Build.0 = Debug_Design|x64
		{9540DC14-C8F1-4CD5-B25E-AFBF9567E11E}.Debug_Design|x86.ActiveCfg = Debug_Design|Win32
		{9540DC14-C8F1-4CD5-B25E-AFBF9567E11E}.Debug_Design|x86.Build.0 = Debug_Design|Win32
		{9540DC14-C8F1-4CD5-B25E-AFBF9567E11E}.Debug_Unicode_MT|x64.ActiveCfg = Debug_Unicode_MT|x64
		{9540DC14-C8F1-4CD5-B25E-AFBF9567E11E}.Debug_Unicode_MT|x64.Build.0 = Debug_Unicode_MT|x64
		{9540DC14-C8F1-4CD5-B25E-AFBF9567E11E}.Debug_Unicode_MT|x86.ActiveCfg = Debug_Unicode_MT|Win32
		{9540DC14-C8F1-4CD5-B25E-AFBF9567E11E}.Debug_Unicode_MT|x86.Build.0 = Debug_Unicode_MT|Win32
		{9540DC14-C8F1-4CD5-B25E-AFBF9567E11E}.Debug_Unicode_Static_MT|x64.ActiveCfg = Debug_Unicode_Static_MT|x64
		{9540DC14-C8F1-4CD5-B25E-AFBF9567E11E}.Debug_Unicode_Static_MT|x64.Build.0 = Debug_Unicode_Static_MT|x64
		{9540DC14-C8F1-4CD5-B25E-AFBF9567E11E}.Debug_Unicode_Static_MT|x86.ActiveCfg = Debug_Unicode_Static_MT|Win32
		{9540DC14-C8F1-4CD5-B25E-AFBF9567E11E}.Debug_Unicode_Static_MT|x86.Build.0 = Debug_Unicode_Static_MT|Win32
		{9540DC14-C8F1-4CD5-B25E-AFBF9567E11E}.Debug_Unicode_Static|x64.ActiveCfg = Debug_Unicode_Static|x64
		{9540DC14-C8F1-4CD5-B25E-AFBF9567E11E}.Debug_Unicode_Static|x64.Build.0 = Debug_Unicode_Static|x64
		{9540DC14-C8F1-4CD5-B25E-AFBF9567E11E}.Debug_Unicode_Static|x86.ActiveCfg = Debug_Unicode_Static|Win32
		{9540DC14-C8F1-4CD5-B25E-AFBF9567E11E}.Debug_Unicode_Static|x86.Build.0 = Debug_Unicode_Static|Win32
		{9540DC14-C8F1-4CD5-B25E-AFBF9567E11E}.Debug_Unicode|x64.ActiveCfg = Debug_Unicode|x64
		{9540DC14-C8F1-4CD5-B25E-AFBF9567E11E}.Debug_Unicode|x64.Build.0 = Debug_Unicode|x64
		{9540DC14-C8F1-4CD5-B25E-AFBF9567E11E}.Debug_Unicode|x86.ActiveCfg = Debug_Unicode|Win32
		{9540DC14-C8F1-4CD5-B25E-AFBF9567E11E}.Debug_Unicode|x86.Build.0 = Debug_Unicode|Win32
		{9540DC14-C8F1-4CD5-B25E-AFBF9567E11E}.Release_Design|x64.ActiveCfg = Release_Design|x64
		{9540DC14-C8F1-4CD5-B25E-AFBF9567E11E}.Release_Design|x64.Build.0 = Release_Design|x64
		{9540DC14-C8F1-4CD5-B25E-AFBF9567E11E}.Release_Design|x86.ActiveCfg = Release_Design|Win32
		{9540DC14-C8F1-4CD5-B25E-AFBF9567E11E}.Release_Design|x86.Build.0 = Release_Design|Win32
		{9540DC14-C8F1-4CD5-B25E-AFBF9567E11E}.Release_Unicode_MT|x64.ActiveCfg = Release_Unicode_MT|x64
		{9540DC14-C8F1-4CD5-B25E-AFBF9567E11E}.Release_Unicode_MT|x64.Build.0 = Release_Unicode_MT|x64
		{9540DC14-C8F1-4CD5-B25E-AFBF9567E11E}.Release_Unicode_MT|x86.ActiveCfg = Release_Unicode_MT|Win32
		{9540DC14-C8F1-4CD5-B25E-AFBF9567E11E}.Release_Unicode_MT|x86.Build.0 = Release_Unicode_MT|Win32
		{9540DC14-C8F1-4CD5-B25E-AFBF9567E11E}.Release_Unicode_Static_MT|x64.ActiveCfg = Release_Unicode_Static_MT|x64
		{9540DC14-C8F1-4CD5-B25E-AFBF9567E11E}.Release_Unicode_Static_MT|x64.Build.0 = Release_Unicode_Static_MT|x64
		{9540DC14-C8F1-4CD5-B25E-AFBF9567E11E}.Release_Unicode_Static_MT|x86.ActiveCfg = Release_Unicode_Static_MT|Win32
		{9540DC14-C8F1-4CD5-B25E-AFBF9567E11E}.Release_Unicode_Static_MT|x86.Build.0 = Release_Unicode_Static_MT|Win32
		{9540DC14-C8F1-4CD5-B25E-AFBF9567E11E}.Release_Unicode_Static|x64.ActiveCfg = Release_Unicode_Static|x64
		{9540DC14-C8F1-4CD5-B25E-AFBF9567E11E}.Release_Unicode_Static|x64.Build.0 = Release_Unicode_Static|x64
		{9540DC14-C8F1-4CD5-B25E-AFBF9567E11E}.Release_Unicode_Static|x86.ActiveCfg = Release_Unicode_Static|Win32
		{9540DC14-C8F1-4CD5-B25E-AFBF9567E11E}.Release_Unicode_Static|x86.Build.0 = Release_Unicode_Static|Win32
		{9540DC14-C8F1-4CD5-B25E-AFBF9567E11E}.Release_Unicode|x64.ActiveCfg = Release_Unicode|x64
		{9540DC14-C8F1-4CD5-B25E-AFBF9567E11E}.Release_Unicode|x64.Build.0 = Release_Unicode|x64
		{9540DC14-C8F1-4CD5-B25E-AFBF9567E11E}.Release_Unicode|x86.ActiveCfg = Release_Unicode|Win32
		{9540DC14-C8F1-4CD5-B25E-AFBF9567E11E}.Release_Unicode|x86.Build.0 = Release_Unicode|Win32
		{4699CADB-7362-30C9-B0D0-25C4B88988DA}.Debug_Design|x64.ActiveCfg = Debug_Unicode_Static|Win32
		{4699CADB-7362-30C9-B0D0-25C4B88988DA}.Debug_Design|x86.ActiveCfg = Debug_Unicode_Static|Win32
		{4699CADB-7362-30C9-B0D0-25C4B88988DA}.Debug_Unicode_MT|x64.ActiveCfg = Debug_Unicode_Static|Win32
		{4699CADB-7362-30C9-B0D0-25C4B88988DA}.Debug_Unicode_MT|x86.ActiveCfg = Debug_Unicode_Static_MT|Win32
		{4699CADB-7362-30C9-B0D0-25C4B88988DA}.Debug_Unicode_MT|x86.Build.0 = Debug_Unicode_Static_MT|Win32
		{4699CADB-7362-30C9-B0D0-25C4B88988DA}.Debug_Unicode_Static_MT|x64.ActiveCfg = Debug_Unicode_Static|Win32
		{4699CADB-7362-30C9-B0D0-25C4B88988DA}.Debug_Unicode_Static_MT|x86.ActiveCfg = Debug_Unicode_Static_MT|Win32
		{4699CADB-7362-30C9-B0D0-25C4B88988DA}.Debug_Unicode_Static_MT|x86.Build.0 = Debug_Unicode_Static_MT|Win32
		{4699CADB-7362-30C9-B0D0-25C4B88988DA}.Debug_Unicode_Static|x64.ActiveCfg = Debug_Unicode_Static|Win32
		{4699CADB-7362-30C9-B0D0-25C4B88988DA}.Debug_Unicode_Static|x86.ActiveCfg = Debug_Unicode_Static|Win32
		{4699CADB-7362-30C9-B0D0-25C4B88988DA}.Debug_Unicode_Static|x86.Build.0 = Debug_Unicode_Static|Win32
		{4699CADB-7362-30C9-B0D0-25C4B88988DA}.Debug_Unicode|x64.ActiveCfg = Debug_Unicode_Static|Win32
		{4699CADB-7362-30C9-B0D0-25C4B88988DA}.Debug_Unicode|x86.ActiveCfg = Debug_Unicode_Static|Win32
		{4699CADB-7362-30C9-B0D0-25C4B88988DA}.Release_Design|x64.ActiveCfg = Release_Unicode_Static|Win32
		{4699CADB-7362-30C9-B0D0-25C4B88988DA}.Release_Design|x64.Build.0 = Release_Unicode_Static|Win32
		{4699CADB-7362-30C9-B0D0-25C4B88988DA}.Release_Design|x86.ActiveCfg = Release_Unicode_Static|Win32
		{4699CADB-7362-30C9-B0D0-25C4B88988DA}.Release_Design|x86.Build.0 = Release_Unicode_Static|Win32
		{4699CADB-7362-30C9-B0D0-25C4B88988DA}.Release_Unicode_MT|x64.ActiveCfg = Release_Unicode_Static|Win32
		{4699CADB-7362-30C9-B0D0-25C4B88988DA}.Release_Unicode_MT|x64.Build.0 = Release_Unicode_Static|Win32
		{4699CADB-7362-30C9-B0D0-25C4B88988DA}.Release_Unicode_MT|x86.ActiveCfg = Release_Unicode_Static_MT|Win32
		{4699CADB-7362-30C9-B0D0-25C4B88988DA}.Release_Unicode_MT|x86.Build.0 = Release_Unicode_Static_MT|Win32
		{4699CADB-7362-30C9-B0D0-25C4B88988DA}.Release_Unicode_Static_MT|x64.ActiveCfg = Release_Unicode_Static|Win32
		{4699CADB-7362-30C9-B0D0-25C4B88988DA}.Release_Unicode_Static_MT|x64.Build.0 = Release_Unicode_Static|Win32
		{4699CADB-7362-30C9-B0D0-25C4B88988DA}.Release_Unicode_Static_MT|x86.ActiveCfg = Release_Unicode_Static_MT|Win32
		{4699CADB-7362-30C9-B0D0-25C4B88988DA}.Release_Unicode_Static_MT|x86.Build.0 = Release_Unicode_Static_MT|Win32
		{4699CADB-7362-30C9-B0D0-25C4B88988DA}.Release_Unicode_Static|x64.ActiveCfg = Release_Unicode_Static|Win32
		{4699CADB-7362-30C9-B0D0-25C4B88988DA}.Release_Unicode_Static|x64.Build.0 = Release_Unicode_Static|Win32
		{4699CADB-7362-30C9-B0D0-25C4B88988DA}.Release_Unicode_Static|x86.ActiveCfg = Release_Unicode_Static|Win32
		{4699CADB-7362-30C9-B0D0-25C4B88988DA}.Release_Unicode_Static|x86.Build.0 = Release_Unicode_Static|Win32
		{4699CADB-7362-30C9-B0D0-25C4B88988DA}.Release_Unicode|x64.ActiveCfg = Release_Unicode_Static|Win32
		{4699CADB-7362-30C9-B0D0-25C4B88988DA}.Release_Unicode|x64.Build.0 = Release_Unicode_Static|Win32
		{4699CADB-7362-30C9-B0D0-25C4B88988DA}.Release_Unicode|x86.ActiveCfg = Release_Unicode_Static|Win32
		{4699CADB-7362-30C9-B0D0-25C4B88988DA}.Release_Unicode|x86.Build.0 = Release_Unicode_Static|Win32
		{0EF1F64A-3427-335C-B396-186B76D4B58F}.Debug_Design|x64.ActiveCfg = Release_Unicode_Static|Win32
		{0EF1F64A-3427-335C-B396-186B76D4B58F}.Debug_Design|x86.ActiveCfg = Debug_Unicode_Static|Win32
		{0EF1F64A-3427-335C-B396-186B76D4B58F}.Debug_Unicode_MT|x64.ActiveCfg = Release_Unicode_Static|Win32
		{0EF1F64A-3427-335C-B396-186B76D4B58F}.Debug_Unicode_MT|x86.ActiveCfg = Debug_Unicode_Static_MT|Win32
		{0EF1F64A-3427-335C-B396-186B76D4B58F}.Debug_Unicode_MT|x86.Build.0 = Debug_Unicode_Static_MT|Win32
		{0EF1F64A-3427-335C-B396-186B76D4B58F}.Debug_Unicode_Static_MT|x64.ActiveCfg = Debug_Unicode_Static|Win32
		{0EF1F64A-3427-335C-B396-186B76D4B58F}.Debug_Unicode_Static_MT|x86.ActiveCfg = Debug_Unicode_Static_MT|Win32
		{0EF1F64A-3427-335C-B396-186B76D4B58F}.Debug_Unicode_Static_MT|x86.Build.0 = Debug_Unicode_Static_MT|Win32
		{0EF1F64A-3427-335C-B396-186B76D4B58F}.Debug_Unicode_Static|x64.ActiveCfg = Debug_Unicode_Static|Win32
		{0EF1F64A-3427-335C-B396-186B76D4B58F}.Debug_Unicode_Static|x86.ActiveCfg = Debug_Unicode_Static|Win32
		{0EF1F64A-3427-335C-B396-186B76D4B58F}.Debug_Unicode_Static|x86.Build.0 = Debug_Unicode_Static|Win32
		{0EF1F64A-3427-335C-B396-186B76D4B58F}.Debug_Unicode|x64.ActiveCfg = Debug_Unicode_Static|Win32
		{0EF1F64A-3427-335C-B396-186B76D4B58F}.Debug_Unicode|x86.ActiveCfg = Debug_Unicode_Static|Win32
		{0EF1F64A-3427-335C-B396-186B76D4B58F}.Release_Design|x64.ActiveCfg = Release_Unicode_Static|Win32
		{0EF1F64A-3427-335C-B396-186B76D4B58F}.Release_Design|x64.Build.0 = Release_Unicode_Static|Win32
		{0EF1F64A-3427-335C-B396-186B76D4B58F}.Release_Design|x86.ActiveCfg = Release_Unicode_Static|Win32
		{0EF1F64A-3427-335C-B396-186B76D4B58F}.Release_Design|x86.Build.0 = Release_Unicode_Static|Win32
		{0EF1F64A-3427-335C-B396-186B76D4B58F}.Release_Unicode_MT|x64.ActiveCfg = Release_Unicode_Static|Win32
		{0EF1F64A-3427-335C-B396-186B76D4B58F}.Release_Unicode_MT|x64.Build.0 = Release_Unicode_Static|Win32
		{0EF1F64A-3427-335C-B396-186B76D4B58F}.Release_Unicode_MT|x86.ActiveCfg = Release_Unicode_Static_MT|Win32
		{0EF1F64A-3427-335C-B396-186B76D4B58F}.Release_Unicode_MT|x86.Build.0 = Release_Unicode_Static_MT|Win32
		{0EF1F64A-3427-335C-B396-186B76D4B58F}.Release_Unicode_Static_MT|x64.ActiveCfg = Release_Unicode_Static|Win32
		{0EF1F64A-3427-335C-B396-186B76D4B58F}.Release_Unicode_Static_MT|x64.Build.0 = Release_Unicode_Static|Win32
		{0EF1F64A-3427-335C-B396-186B76D4B58F}.Release_Unicode_Static_MT|x86.ActiveCfg = Release_Unicode_Static_MT|Win32
		{0EF1F64A-3427-335C-B396-186B76D4B58F}.Release_Unicode_Static_MT|x86.Build.0 = Release_Unicode_Static_MT|Win32
		{0EF1F64A-3427-335C-B396-186B76D4B58F}.Release_Unicode_Static|x64.ActiveCfg = Release_Unicode_Static|Win32
		{0EF1F64A-3427-335C-B396-186B76D4B58F}.Release_Unicode_Static|x64.Build.0 = Release_Unicode_Static|Win32
		{0EF1F64A-3427-335C-B396-186B76D4B58F}.Release_Unicode_Static|x86.ActiveCfg = Release_Unicode_Static|Win32
		{0EF1F64A-3427-335C-B396-186B76D4B58F}.Release_Unicode_Static|x86.Build.0 = Release_Unicode_Static|Win32
		{0EF1F64A-3427-335C-B396-186B76D4B58F}.Release_Unicode|x64.ActiveCfg = Release_Unicode_Static|Win32
		{0EF1F64A-3427-335C-B396-186B76D4B58F}.Release_Unicode|x64.Build.0 = Release_Unicode_Static|Win32
		{0EF1F64A-3427-335C-B396-186B76D4B58F}.Release_Unicode|x86.ActiveCfg = Release_Unicode_Static|Win32
		{0EF1F64A-3427-335C-B396-186B76D4B58F}.Release_Unicode|x86.Build.0 = Release_Unicode_Static|Win32
		{18A65F9E-99E7-382B-8E92-03E26F8E61FE}.Debug_Design|x64.ActiveCfg = Release_Unicode_Static|Win32
		{18A65F9E-99E7-382B-8E92-03E26F8E61FE}.Debug_Design|x86.ActiveCfg = Debug_Unicode_Static|Win32
		{18A65F9E-99E7-382B-8E92-03E26F8E61FE}.Debug_Unicode_MT|x64.ActiveCfg = Release_Unicode_Static|Win32
		{18A65F9E-99E7-382B-8E92-03E26F8E61FE}.Debug_Unicode_MT|x86.ActiveCfg = Debug_Unicode_Static_MT|Win32
		{18A65F9E-99E7-382B-8E92-03E26F8E61FE}.Debug_Unicode_MT|x86.Build.0 = Debug_Unicode_Static_MT|Win32
		{18A65F9E-99E7-382B-8E92-03E26F8E61FE}.Debug_Unicode_Static_MT|x64.ActiveCfg = Debug_Unicode_Static|Win32
		{18A65F9E-99E7-382B-8E92-03E26F8E61FE}.Debug_Unicode_Static_MT|x86.ActiveCfg = Debug_Unicode_Static_MT|Win32
		{18A65F9E-99E7-382B-8E92-03E26F8E61FE}.Debug_Unicode_Static_MT|x86.Build.0 = Debug_Unicode_Static_MT|Win32
		{18A65F9E-99E7-382B-8E92-03E26F8E61FE}.Debug_Unicode_Static|x64.ActiveCfg = Debug_Unicode_Static|Win32
		{18A65F9E-99E7-382B-8E92-03E26F8E61FE}.Debug_Unicode_Static|x86.ActiveCfg = Debug_Unicode_Static|Win32
		{18A65F9E-99E7-382B-8E92-03E26F8E61FE}.Debug_Unicode_Static|x86.Build.0 = Debug_Unicode_Static|Win32
		{18A65F9E-99E7-382B-8E92-03E26F8E61FE}.Debug_Unicode|x64.ActiveCfg = Debug_Unicode_Static|Win32
		{18A65F9E-99E7-382B-8E92-03E26F8E61FE}.Debug_Unicode|x86.ActiveCfg = Debug_Unicode_Static|Win32
		{18A65F9E-99E7-382B-8E92-03E26F8E61FE}.Release_Design|x64.ActiveCfg = Release_Unicode_Static|Win32
		{18A65F9E-99E7-382B-8E92-03E26F8E61FE}.Release_Design|x64.Build.0 = Release_Unicode_Static|Win32
		{18A65F9E-99E7-382B-8E92-03E26F8E61FE}.Release_Design|x86.ActiveCfg = Release_Unicode_Static|Win32
		{18A65F9E-99E7-382B-8E92-03E26F8E61FE}.Release_Design|x86.Build.0 = Release_Unicode_Static|Win32
		{18A65F9E-99E7-382B-8E92-03E26F8E61FE}.Release_Unicode_MT|x64.ActiveCfg = Release_Unicode_Static|Win32
		{18A65F9E-99E7-382B-8E92-03E26F8E61FE}.Release_Unicode_MT|x64.Build.0 = Release_Unicode_Static|Win32
		{18A65F9E-99E7-382B-8E92-03E26F8E61FE}.Release_Unicode_MT|x86.ActiveCfg = Release_Unicode_Static_MT|Win32
		{18A65F9E-99E7-382B-8E92-03E26F8E61FE}.Release_Unicode_MT|x86.Build.0 = Release_Unicode_Static_MT|Win32
		{18A65F9E-99E7-382B-8E92-03E26F8E61FE}.Release_Unicode_Static_MT|x64.ActiveCfg = Release_Unicode_Static|Win32
		{18A65F9E-99E7-382B-8E92-03E26F8E61FE}.Release_Unicode_Static_MT|x64.Build.0 = Release_Unicode_Static|Win32
		{18A65F9E-99E7-382B-8E92-03E26F8E61FE}.Release_Unicode_Static_MT|x86.ActiveCfg = Release_Unicode_Static_MT|Win32
		{18A65F9E-99E7-382B-8E92-03E26F8E61FE}.Release_Unicode_Static_MT|x86.Build.0 = Release_Unicode_Static_MT|Win32
		{18A65F9E-99E7-382B-8E92-03E26F8E61FE}.Release_Unicode_Static|x64.ActiveCfg = Release_Unicode_Static|Win32
		{18A65F9E-99E7-382B-8E92-03E26F8E61FE}.Release_Unicode_Static|x64.Build.0 = Release_Unicode_Static|Win32
		{18A65F9E-99E7-382B-8E92-03E26F8E61FE}.Release_Unicode_Static|x86.ActiveCfg = Release_Unicode_Static|Win32
		{18A65F9E-99E7-382B-8E92-03E26F8E61FE}.Release_Unicode_Static|x86.Build.0 = Release_Unicode_Static|Win32
		{18A65F9E-99E7-382B-8E92-03E26F8E61FE}.Release_Unicode|x64.ActiveCfg = Release_Unicode_Static|Win32
		{18A65F9E-99E7-382B-8E92-03E26F8E61FE}.Release_Unicode|x64.Build.0 = Release_Unicode_Static|Win32
		{18A65F9E-99E7-382B-8E92-03E26F8E61FE}.Release_Unicode|x86.ActiveCfg = Release_Unicode_Static|Win32
		{18A65F9E-99E7-382B-8E92-03E26F8E61FE}.Release_Unicode|x86.Build.0 = Release_Unicode_Static|Win32
		{FB573304-4A90-3C74-8EE3-492B0EE488BB}.Debug_Design|x64.ActiveCfg = Release_Unicode_Static|Win32
		{FB573304-4A90-3C74-8EE3-492B0EE488BB}.Debug_Design|x86.ActiveCfg = Debug_Unicode_Static|Win32
		{FB573304-4A90-3C74-8EE3-492B0EE488BB}.Debug_Unicode_MT|x64.ActiveCfg = Release_Unicode_Static|Win32
		{FB573304-4A90-3C74-8EE3-492B0EE488BB}.Debug_Unicode_MT|x86.ActiveCfg = Debug_Unicode_Static_MT|Win32
		{FB573304-4A90-3C74-8EE3-492B0EE488BB}.Debug_Unicode_MT|x86.Build.0 = Debug_Unicode_Static_MT|Win32
		{FB573304-4A90-3C74-8EE3-492B0EE488BB}.Debug_Unicode_Static_MT|x64.ActiveCfg = Debug_Unicode_Static|Win32
		{FB573304-4A90-3C74-8EE3-492B0EE488BB}.Debug_Unicode_Static_MT|x86.ActiveCfg = Debug_Unicode_Static_MT|Win32
		{FB573304-4A90-3C74-8EE3-492B0EE488BB}.Debug_Unicode_Static_MT|x86.Build.0 = Debug_Unicode_Static_MT|Win32
		{FB573304-4A90-3C74-8EE3-492B0EE488BB}.Debug_Unicode_Static|x64.ActiveCfg = Debug_Unicode_Static|Win32
		{FB573304-4A90-3C74-8EE3-492B0EE488BB}.Debug_Unicode_Static|x86.ActiveCfg = Debug_Unicode_Static|Win32
		{FB573304-4A90-3C74-8EE3-492B0EE488BB}.Debug_Unicode_Static|x86.Build.0 = Debug_Unicode_Static|Win32
		{FB573304-4A90-3C74-8EE3-492B0EE488BB}.Debug_Unicode|x64.ActiveCfg = Debug_Unicode_Static|Win32
		{FB573304-4A90-3C74-8EE3-492B0EE488BB}.Debug_Unicode|x86.ActiveCfg = Debug_Unicode_Static|Win32
		{FB573304-4A90-3C74-8EE3-492B0EE488BB}.Release_Design|x64.ActiveCfg = Release_Unicode_Static|Win32
		{FB573304-4A90-3C74-8EE3-492B0EE488BB}.Release_Design|x64.Build.0 = Release_Unicode_Static|Win32
		{FB573304-4A90-3C74-8EE3-492B0EE488BB}.Release_Design|x86.ActiveCfg = Release_Unicode_Static|Win32
		{FB573304-4A90-3C74-8EE3-492B0EE488BB}.Release_Design|x86.Build.0 = Release_Unicode_Static|Win32
		{FB573304-4A90-3C74-8EE3-492B0EE488BB}.Release_Unicode_MT|x64.ActiveCfg = Release_Unicode_Static|Win32
		{FB573304-4A90-3C74-8EE3-492B0EE488BB}.Release_Unicode_MT|x64.Build.0 = Release_Unicode_Static|Win32
		{FB573304-4A90-3C74-8EE3-492B0EE488BB}.Release_Unicode_MT|x86.ActiveCfg = Release_Unicode_Static_MT|Win32
		{FB573304-4A90-3C74-8EE3-492B0EE488BB}.Release_Unicode_MT|x86.Build.0 = Release_Unicode_Static_MT|Win32
		{FB573304-4A90-3C74-8EE3-492B0EE488BB}.Release_Unicode_Static_MT|x64.ActiveCfg = Release_Unicode_Static|Win32
		{FB573304-4A90-3C74-8EE3-492B0EE488BB}.Release_Unicode_Static_MT|x64.Build.0 = Release_Unicode_Static|Win32
		{FB573304-4A90-3C74-8EE3-492B0EE488BB}.Release_Unicode_Static_MT|x86.ActiveCfg = Release_Unicode_Static_MT|Win32
		{FB573304-4A90-3C74-8EE3-492B0EE488BB}.Release_Unicode_Static_MT|x86.Build.0 = Release_Unicode_Static_MT|Win32
		{FB573304-4A90-3C74-8EE3-492B0EE488BB}.Release_Unicode_Static|x64.ActiveCfg = Release_Unicode_Static|Win32
		{FB573304-4A90-3C74-8EE3-492B0EE488BB}.Release_Unicode_Static|x64.Build.0 = Release_Unicode_Static|Win32
		{FB573304-4A90-3C74-8EE3-492B0EE488BB}.Release_Unicode_Static|x86.ActiveCfg = Release_Unicode_Static|Win32
		{FB573304-4A90-3C74-8EE3-492B0EE488BB}.Release_Unicode_Static|x86.Build.0 = Release_Unicode_Static|Win32
		{FB573304-4A90-3C74-8EE3-492B0EE488BB}.Release_Unicode|x64.ActiveCfg = Release_Unicode_Static|Win32
		{FB573304-4A90-3C74-8EE3-492B0EE488BB}.Release_Unicode|x64.Build.0 = Release_Unicode_Static|Win32
		{FB573304-4A90-3C74-8EE3-492B0EE488BB}.Release_Unicode|x86.ActiveCfg = Release_Unicode_Static|Win32
		{FB573304-4A90-3C74-8EE3-492B0EE488BB}.Release_Unicode|x86.Build.0 = Release_Unicode_Static|Win32
		{5015D271-C44C-3F3A-93B7-AF7C7A4B8B86}.Debug_Design|x64.ActiveCfg = Release_Unicode_Static|Win32
		{5015D271-C44C-3F3A-93B7-AF7C7A4B8B86}.Debug_Design|x86.ActiveCfg = Debug_Unicode_Static|Win32
		{5015D271-C44C-3F3A-93B7-AF7C7A4B8B86}.Debug_Unicode_MT|x64.ActiveCfg = Release_Unicode_Static|Win32
		{5015D271-C44C-3F3A-93B7-AF7C7A4B8B86}.Debug_Unicode_MT|x86.ActiveCfg = Debug_Unicode_Static_MT|Win32
		{5015D271-C44C-3F3A-93B7-AF7C7A4B8B86}.Debug_Unicode_MT|x86.Build.0 = Debug_Unicode_Static_MT|Win32
		{5015D271-C44C-3F3A-93B7-AF7C7A4B8B86}.Debug_Unicode_Static_MT|x64.ActiveCfg = Debug_Unicode_Static|Win32
		{5015D271-C44C-3F3A-93B7-AF7C7A4B8B86}.Debug_Unicode_Static_MT|x86.ActiveCfg = Debug_Unicode_Static_MT|Win32
		{5015D271-C44C-3F3A-93B7-AF7C7A4B8B86}.Debug_Unicode_Static_MT|x86.Build.0 = Debug_Unicode_Static_MT|Win32
		{5015D271-C44C-3F3A-93B7-AF7C7A4B8B86}.Debug_Unicode_Static|x64.ActiveCfg = Debug_Unicode_Static|Win32
		{5015D271-C44C-3F3A-93B7-AF7C7A4B8B86}.Debug_Unicode_Static|x86.ActiveCfg = Debug_Unicode_Static|Win32
		{5015D271-C44C-3F3A-93B7-AF7C7A4B8B86}.Debug_Unicode_Static|x86.Build.0 = Debug_Unicode_Static|Win32
		{5015D271-C44C-3F3A-93B7-AF7C7A4B8B86}.Debug_Unicode|x64.ActiveCfg = Debug_Unicode_Static|Win32
		{5015D271-C44C-3F3A-93B7-AF7C7A4B8B86}.Debug_Unicode|x86.ActiveCfg = Debug_Unicode_Static|Win32
		{5015D271-C44C-3F3A-93B7-AF7C7A4B8B86}.Release_Design|x64.ActiveCfg = Release_Unicode_Static|Win32
		{5015D271-C44C-3F3A-93B7-AF7C7A4B8B86}.Release_Design|x64.Build.0 = Release_Unicode_Static|Win32
		{5015D271-C44C-3F3A-93B7-AF7C7A4B8B86}.Release_Design|x86.ActiveCfg = Release_Unicode_Static|Win32
		{5015D271-C44C-3F3A-93B7-AF7C7A4B8B86}.Release_Design|x86.Build.0 = Release_Unicode_Static|Win32
		{5015D271-C44C-3F3A-93B7-AF7C7A4B8B86}.Release_Unicode_MT|x64.ActiveCfg = Release_Unicode_Static|Win32
		{5015D271-C44C-3F3A-93B7-AF7C7A4B8B86}.Release_Unicode_MT|x64.Build.0 = Release_Unicode_Static|Win32
		{5015D271-C44C-3F3A-93B7-AF7C7A4B8B86}.Release_Unicode_MT|x86.ActiveCfg = Release_Unicode_Static_MT|Win32
		{5015D271-C44C-3F3A-93B7-AF7C7A4B8B86}.Release_Unicode_MT|x86.Build.0 = Release_Unicode_Static_MT|Win32
		{5015D271-C44C-3F3A-93B7-AF7C7A4B8B86}.Release_Unicode_Static_MT|x64.ActiveCfg = Release_Unicode_Static|Win32
		{5015D271-C44C-3F3A-93B7-AF7C7A4B8B86}.Release_Unicode_Static_MT|x64.Build.0 = Release_Unicode_Static|Win32
		{5015D271-C44C-3F3A-93B7-AF7C7A4B8B86}.Release_Unicode_Static_MT|x86.ActiveCfg = Release_Unicode_Static_MT|Win32
		{5015D271-C44C-3F3A-93B7-AF7C7A4B8B86}.Release_Unicode_Static_MT|x86.Build.0 = Release_Unicode_Static_MT|Win32
		{5015D271-C44C-3F3A-93B7-AF7C7A4B8B86}.Release_Unicode_Static|x64.ActiveCfg = Release_Unicode_Static|Win32
		{5015D271-C44C-3F3A-93B7-AF7C7A4B8B86}.Release_Unicode_Static|x64.Build.0 = Release_Unicode_Static|Win32
		{5015D271-C44C-3F3A-93B7-AF7C7A4B8B86}.Release_Unicode_Static|x86.ActiveCfg = Release_Unicode_Static|Win32
		{5015D271-C44C-3F3A-93B7-AF7C7A4B8B86}.Release_Unicode_Static|x86.Build.0 = Release_Unicode_Static|Win32
		{5015D271-C44C-3F3A-93B7-AF7C7A4B8B86}.Release_Unicode|x64.ActiveCfg = Release_Unicode_Static|Win32
		{5015D271-C44C-3F3A-93B7-AF7C7A4B8B86}.Release_Unicode|x64.Build.0 = Release_Unicode_Static|Win32
		{5015D271-C44C-3F3A-93B7-AF7C7A4B8B86}.Release_Unicode|x86.ActiveCfg = Release_Unicode_Static|Win32
		{5015D271-C44C-3F3A-93B7-AF7C7A4B8B86}.Release_Unicode|x86.Build.0 = Release_Unicode_Static|Win32
		{BB6FEACC-E72A-3924-914D-EA27078185E5}.Debug_Design|x64.ActiveCfg = Release_Unicode_Static|Win32
		{BB6FEACC-E72A-3924-914D-EA27078185E5}.Debug_Design|x86.ActiveCfg = Debug_Unicode_Static|Win32
		{BB6FEACC-E72A-3924-914D-EA27078185E5}.Debug_Unicode_MT|x64.ActiveCfg = Release_Unicode_Static|Win32
		{BB6FEACC-E72A-3924-914D-EA27078185E5}.Debug_Unicode_MT|x86.ActiveCfg = Debug_Unicode_Static_MT|Win32
		{BB6FEACC-E72A-3924-914D-EA27078185E5}.Debug_Unicode_MT|x86.Build.0 = Debug_Unicode_Static_MT|Win32
		{BB6FEACC-E72A-3924-914D-EA27078185E5}.Debug_Unicode_Static_MT|x64.ActiveCfg = Debug_Unicode_Static|Win32
		{BB6FEACC-E72A-3924-914D-EA27078185E5}.Debug_Unicode_Static_MT|x86.ActiveCfg = Debug_Unicode_Static_MT|Win32
		{BB6FEACC-E72A-3924-914D-EA27078185E5}.Debug_Unicode_Static_MT|x86.Build.0 = Debug_Unicode_Static_MT|Win32
		{BB6FEACC-E72A-3924-914D-EA27078185E5}.Debug_Unicode_Static|x64.ActiveCfg = Debug_Unicode_Static|Win32
		{BB6FEACC-E72A-3924-914D-EA27078185E5}.Debug_Unicode_Static|x86.ActiveCfg = Debug_Unicode_Static|Win32
		{BB6FEACC-E72A-3924-914D-EA27078185E5}.Debug_Unicode_Static|x86.Build.0 = Debug_Unicode_Static|Win32
		{BB6FEACC-E72A-3924-914D-EA27078185E5}.Debug_Unicode|x64.ActiveCfg = Debug_Unicode_Static|Win32
		{BB6FEACC-E72A-3924-914D-EA27078185E5}.Debug_Unicode|x86.ActiveCfg = Debug_Unicode_Static|Win32
		{BB6FEACC-E72A-3924-914D-EA27078185E5}.Release_Design|x64.ActiveCfg = Release_Unicode_Static|Win32
		{BB6FEACC-E72A-3924-914D-EA27078185E5}.Release_Design|x64.Build.0 = Release_Unicode_Static|Win32
		{BB6FEACC-E72A-3924-914D-EA27078185E5}.Release_Design|x86.ActiveCfg = Release_Unicode_Static|Win32
		{BB6FEACC-E72A-3924-914D-EA27078185E5}.Release_Design|x86.Build.0 = Release_Unicode_Static|Win32
		{BB6FEACC-E72A-3924-914D-EA27078185E5}.Release_Unicode_MT|x64.ActiveCfg = Release_Unicode_Static|Win32
		{BB6FEACC-E72A-3924-914D-EA27078185E5}.Release_Unicode_MT|x64.Build.0 = Release_Unicode_Static|Win32
		{BB6FEACC-E72A-3924-914D-EA27078185E5}.Release_Unicode_MT|x86.ActiveCfg = Release_Unicode_Static_MT|Win32
		{BB6FEACC-E72A-3924-914D-EA27078185E5}.Release_Unicode_MT|x86.Build.0 = Release_Unicode_Static_MT|Win32
		{BB6FEACC-E72A-3924-914D-EA27078185E5}.Release_Unicode_Static_MT|x64.ActiveCfg = Release_Unicode_Static|Win32
		{BB6FEACC-E72A-3924-914D-EA27078185E5}.Release_Unicode_Static_MT|x64.Build.0 = Release_Unicode_Static|Win32
		{BB6FEACC-E72A-3924-914D-EA27078185E5}.Release_Unicode_Static_MT|x86.ActiveCfg = Release_Unicode_Static_MT|Win32
		{BB6FEACC-E72A-3924-914D-EA27078185E5}.Release_Unicode_Static_MT|x86.Build.0 = Release_Unicode_Static_MT|Win32
		{BB6FEACC-E72A-3924-914D-EA27078185E5}.Release_Unicode_Static|x64.ActiveCfg = Release_Unicode_Static|Win32
		{BB6FEACC-E72A-3924-914D-EA27078185E5}.Release_Unicode_Static|x64.Build.0 = Release_Unicode_Static|Win32
		{BB6FEACC-E72A-3924-914D-EA27078185E5}.Release_Unicode_Static|x86.ActiveCfg = Release_Unicode_Static|Win32
		{BB6FEACC-E72A-3924-914D-EA27078185E5}.Release_Unicode_Static|x86.Build.0 = Release_Unicode_Static|Win32
		{BB6FEACC-E72A-3924-914D-EA27078185E5}.Release_Unicode|x64.ActiveCfg = Release_Unicode_Static|Win32
		{BB6FEACC-E72A-3924-914D-EA27078185E5}.Release_Unicode|x64.Build.0 = Release_Unicode_Static|Win32
		{BB6FEACC-E72A-3924-914D-EA27078185E5}.Release_Unicode|x86.ActiveCfg = Release_Unicode_Static|Win32
		{BB6FEACC-E72A-3924-914D-EA27078185E5}.Release_Unicode|x86.Build.0 = Release_Unicode_Static|Win32
		{432D9AA3-4594-3625-8C13-D634B335BEFD}.Debug_Design|x64.ActiveCfg = Release_Unicode_Static|Win32
		{432D9AA3-4594-3625-8C13-D634B335BEFD}.Debug_Design|x86.ActiveCfg = Debug_Unicode_Static|Win32
		{432D9AA3-4594-3625-8C13-D634B335BEFD}.Debug_Unicode_MT|x64.ActiveCfg = Release_Unicode_Static|Win32
		{432D9AA3-4594-3625-8C13-D634B335BEFD}.Debug_Unicode_MT|x86.ActiveCfg = Debug_Unicode_Static_MT|Win32
		{432D9AA3-4594-3625-8C13-D634B335BEFD}.Debug_Unicode_MT|x86.Build.0 = Debug_Unicode_Static_MT|Win32
		{432D9AA3-4594-3625-8C13-D634B335BEFD}.Debug_Unicode_Static_MT|x64.ActiveCfg = Debug_Unicode_Static|Win32
		{432D9AA3-4594-3625-8C13-D634B335BEFD}.Debug_Unicode_Static_MT|x86.ActiveCfg = Debug_Unicode_Static_MT|Win32
		{432D9AA3-4594-3625-8C13-D634B335BEFD}.Debug_Unicode_Static_MT|x86.Build.0 = Debug_Unicode_Static_MT|Win32
		{432D9AA3-4594-3625-8C13-D634B335BEFD}.Debug_Unicode_Static|x64.ActiveCfg = Debug_Unicode_Static|Win32
		{432D9AA3-4594-3625-8C13-D634B335BEFD}.Debug_Unicode_Static|x86.ActiveCfg = Debug_Unicode_Static|Win32
		{432D9AA3-4594-3625-8C13-D634B335BEFD}.Debug_Unicode_Static|x86.Build.0 = Debug_Unicode_Static|Win32
		{432D9AA3-4594-3625-8C13-D634B335BEFD}.Debug_Unicode|x64.ActiveCfg = Debug_Unicode_Static|Win32
		{432D9AA3-4594-3625-8C13-D634B335BEFD}.Debug_Unicode|x86.ActiveCfg = Debug_Unicode_Static|Win32
		{432D9AA3-4594-3625-8C13-D634B335BEFD}.Release_Design|x64.ActiveCfg = Release_Unicode_Static|Win32
		{432D9AA3-4594-3625-8C13-D634B335BEFD}.Release_Design|x64.Build.0 = Release_Unicode_Static|Win32
		{432D9AA3-4594-3625-8C13-D634B335BEFD}.Release_Design|x86.ActiveCfg = Release_Unicode_Static|Win32
		{432D9AA3-4594-3625-8C13-D634B335BEFD}.Release_Design|x86.Build.0 = Release_Unicode_Static|Win32
		{432D9AA3-4594-3625-8C13-D634B335BEFD}.Release_Unicode_MT|x64.ActiveCfg = Release_Unicode_Static|Win32
		{432D9AA3-4594-3625-8C13-D634B335BEFD}.Release_Unicode_MT|x64.Build.0 = Release_Unicode_Static|Win32
		{432D9AA3-4594-3625-8C13-D634B335BEFD}.Release_Unicode_MT|x86.ActiveCfg = Release_Unicode_Static_MT|Win32
		{432D9AA3-4594-3625-8C13-D634B335BEFD}.Release_Unicode_MT|x86.Build.0 = Release_Unicode_Static_MT|Win32
		{432D9AA3-4594-3625-8C13-D634B335BEFD}.Release_Unicode_Static_MT|x64.ActiveCfg = Release_Unicode_Static|Win32
		{432D9AA3-4594-3625-8C13-D634B335BEFD}.Release_Unicode_Static_MT|x64.Build.0 = Release_Unicode_Static|Win32
		{432D9AA3-4594-3625-8C13-D634B335BEFD}.Release_Unicode_Static_MT|x86.ActiveCfg = Release_Unicode_Static_MT|Win32
		{432D9AA3-4594-3625-8C13-D634B335BEFD}.Release_Unicode_Static_MT|x86.Build.0 = Release_Unicode_Static_MT|Win32
		{432D9AA3-4594-3625-8C13-D634B335BEFD}.Release_Unicode_Static|x64.ActiveCfg = Release_Unicode_Static|Win32
		{432D9AA3-4594-3625-8C13-D634B335BEFD}.Release_Unicode_Static|x64.Build.0 = Release_Unicode_Static|Win32
		{432D9AA3-4594-3625-8C13-D634B335BEFD}.Release_Unicode_Static|x86.ActiveCfg = Release_Unicode_Static|Win32
		{432D9AA3-4594-3625-8C13-D634B335BEFD}.Release_Unicode_Static|x86.Build.0 = Release_Unicode_Static|Win32
		{432D9AA3-4594-3625-8C13-D634B335BEFD}.Release_Unicode|x64.ActiveCfg = Release_Unicode_Static|Win32
		{432D9AA3-4594-3625-8C13-D634B335BEFD}.Release_Unicode|x64.Build.0 = Release_Unicode_Static|Win32
		{432D9AA3-4594-3625-8C13-D634B335BEFD}.Release_Unicode|x86.ActiveCfg = Release_Unicode_Static|Win32
		{432D9AA3-4594-3625-8C13-D634B335BEFD}.Release_Unicode|x86.Build.0 = Release_Unicode_Static|Win32
		{CDD35F96-56DD-3825-961F-CB9C2D245405}.Debug_Design|x64.ActiveCfg = Release_Unicode_Static|Win32
		{CDD35F96-56DD-3825-961F-CB9C2D245405}.Debug_Design|x86.ActiveCfg = Debug_Unicode_Static|Win32
		{CDD35F96-56DD-3825-961F-CB9C2D245405}.Debug_Unicode_MT|x64.ActiveCfg = Release_Unicode_Static|Win32
		{CDD35F96-56DD-3825-961F-CB9C2D245405}.Debug_Unicode_MT|x86.ActiveCfg = Debug_Unicode_Static_MT|Win32
		{CDD35F96-56DD-3825-961F-CB9C2D245405}.Debug_Unicode_MT|x86.Build.0 = Debug_Unicode_Static_MT|Win32
		{CDD35F96-56DD-3825-961F-CB9C2D245405}.Debug_Unicode_Static_MT|x64.ActiveCfg = Debug_Unicode_Static|Win32
		{CDD35F96-56DD-3825-961F-CB9C2D245405}.Debug_Unicode_Static_MT|x86.ActiveCfg = Debug_Unicode_Static_MT|Win32
		{CDD35F96-56DD-3825-961F-CB9C2D245405}.Debug_Unicode_Static_MT|x86.Build.0 = Debug_Unicode_Static_MT|Win32
		{CDD35F96-56DD-3825-961F-CB9C2D245405}.Debug_Unicode_Static|x64.ActiveCfg = Debug_Unicode_Static|Win32
		{CDD35F96-56DD-3825-961F-CB9C2D245405}.Debug_Unicode_Static|x86.ActiveCfg = Debug_Unicode_Static|Win32
		{CDD35F96-56DD-3825-961F-CB9C2D245405}.Debug_Unicode_Static|x86.Build.0 = Debug_Unicode_Static|Win32
		{CDD35F96-56DD-3825-961F-CB9C2D245405}.Debug_Unicode|x64.ActiveCfg = Debug_Unicode_Static|Win32
		{CDD35F96-56DD-3825-961F-CB9C2D245405}.Debug_Unicode|x86.ActiveCfg = Debug_Unicode_Static|Win32
		{CDD35F96-56DD-3825-961F-CB9C2D245405}.Release_Design|x64.ActiveCfg = Release_Unicode_Static|Win32
		{CDD35F96-56DD-3825-961F-CB9C2D245405}.Release_Design|x64.Build.0 = Release_Unicode_Static|Win32
		{CDD35F96-56DD-3825-961F-CB9C2D245405}.Release_Design|x86.ActiveCfg = Release_Unicode_Static|Win32
		{CDD35F96-56DD-3825-961F-CB9C2D245405}.Release_Design|x86.Build.0 = Release_Unicode_Static|Win32
		{CDD35F96-56DD-3825-961F-CB9C2D245405}.Release_Unicode_MT|x64.ActiveCfg = Release_Unicode_Static|Win32
		{CDD35F96-56DD-3825-961F-CB9C2D245405}.Release_Unicode_MT|x64.Build.0 = Release_Unicode_Static|Win32
		{CDD35F96-56DD-3825-961F-CB9C2D245405}.Release_Unicode_MT|x86.ActiveCfg = Release_Unicode_Static_MT|Win32
		{CDD35F96-56DD-3825-961F-CB9C2D245405}.Release_Unicode_MT|x86.Build.0 = Release_Unicode_Static_MT|Win32
		{CDD35F96-56DD-3825-961F-CB9C2D245405}.Release_Unicode_Static_MT|x64.ActiveCfg = Release_Unicode_Static|Win32
		{CDD35F96-56DD-3825-961F-CB9C2D245405}.Release_Unicode_Static_MT|x64.Build.0 = Release_Unicode_Static|Win32
		{CDD35F96-56DD-3825-961F-CB9C2D245405}.Release_Unicode_Static_MT|x86.ActiveCfg = Release_Unicode_Static_MT|Win32
		{CDD35F96-56DD-3825-961F-CB9C2D245405}.Release_Unicode_Static_MT|x86.Build.0 = Release_Unicode_Static_MT|Win32
		{CDD35F96-56DD-3825-961F-CB9C2D245405}.Release_Unicode_Static|x64.ActiveCfg = Release_Unicode_Static|Win32
		{CDD35F96-56DD-3825-961F-CB9C2D245405}.Release_Unicode_Static|x64.Build.0 = Release_Unicode_Static|Win32
		{CDD35F96-56DD-3825-961F-CB9C2D245405}.Release_Unicode_Static|x86.ActiveCfg = Release_Unicode_Static|Win32
		{CDD35F96-56DD-3825-961F-CB9C2D245405}.Release_Unicode_Static|x86.Build.0 = Release_Unicode_Static|Win32
		{CDD35F96-56DD-3825-961F-CB9C2D245405}.Release_Unicode|x64.ActiveCfg = Release_Unicode_Static|Win32
		{CDD35F96-56DD-3825-961F-CB9C2D245405}.Release_Unicode|x64.Build.0 = Release_Unicode_Static|Win32
		{CDD35F96-56DD-3825-961F-CB9C2D245405}.Release_Unicode|x86.ActiveCfg = Release_Unicode_Static|Win32
		{CDD35F96-56DD-3825-961F-CB9C2D245405}.Release_Unicode|x86.Build.0 = Release_Unicode_Static|Win32
		{B603B4AE-C290-36F8-8C2C-C01E3E2EFD52}.Debug_Design|x64.ActiveCfg = Release_Unicode_Static|Win32
		{B603B4AE-C290-36F8-8C2C-C01E3E2EFD52}.Debug_Design|x86.ActiveCfg = Debug_Unicode_Static|Win32
		{B603B4AE-C290-36F8-8C2C-C01E3E2EFD52}.Debug_Unicode_MT|x64.ActiveCfg = Release_Unicode_Static|Win32
		{B603B4AE-C290-36F8-8C2C-C01E3E2EFD52}.Debug_Unicode_MT|x86.ActiveCfg = Debug_Unicode_Static_MT|Win32
		{B603B4AE-C290-36F8-8C2C-C01E3E2EFD52}.Debug_Unicode_MT|x86.Build.0 = Debug_Unicode_Static_MT|Win32
		{B603B4AE-C290-36F8-8C2C-C01E3E2EFD52}.Debug_Unicode_Static_MT|x64.ActiveCfg = Debug_Unicode_Static|Win32
		{B603B4AE-C290-36F8-8C2C-C01E3E2EFD52}.Debug_Unicode_Static_MT|x86.ActiveCfg = Debug_Unicode_Static_MT|Win32
		{B603B4AE-C290-36F8-8C2C-C01E3E2EFD52}.Debug_Unicode_Static_MT|x86.Build.0 = Debug_Unicode_Static_MT|Win32
		{B603B4AE-C290-36F8-8C2C-C01E3E2EFD52}.Debug_Unicode_Static|x64.ActiveCfg = Debug_Unicode_Static|Win32
		{B603B4AE-C290-36F8-8C2C-C01E3E2EFD52}.Debug_Unicode_Static|x86.ActiveCfg = Debug_Unicode_Static|Win32
		{B603B4AE-C290-36F8-8C2C-C01E3E2EFD52}.Debug_Unicode_Static|x86.Build.0 = Debug_Unicode_Static|Win32
		{B603B4AE-C290-36F8-8C2C-C01E3E2EFD52}.Debug_Unicode|x64.ActiveCfg = Debug_Unicode_Static|Win32
		{B603B4AE-C290-36F8-8C2C-C01E3E2EFD52}.Debug_Unicode|x86.ActiveCfg = Debug_Unicode_Static|Win32
		{B603B4AE-C290-36F8-8C2C-C01E3E2EFD52}.Release_Design|x64.ActiveCfg = Release_Unicode_Static|Win32
		{B603B4AE-C290-36F8-8C2C-C01E3E2EFD52}.Release_Design|x64.Build.0 = Release_Unicode_Static|Win32
		{B603B4AE-C290-36F8-8C2C-C01E3E2EFD52}.Release_Design|x86.ActiveCfg = Release_Unicode_Static|Win32
		{B603B4AE-C290-36F8-8C2C-C01E3E2EFD52}.Release_Design|x86.Build.0 = Release_Unicode_Static|Win32
		{B603B4AE-C290-36F8-8C2C-C01E3E2EFD52}.Release_Unicode_MT|x64.ActiveCfg = Release_Unicode_Static|Win32
		{B603B4AE-C290-36F8-8C2C-C01E3E2EFD52}.Release_Unicode_MT|x64.Build.0 = Release_Unicode_Static|Win32
		{B603B4AE-C290-36F8-8C2C-C01E3E2EFD52}.Release_Unicode_MT|x86.ActiveCfg = Release_Unicode_Static_MT|Win32
		{B603B4AE-C290-36F8-8C2C-C01E3E2EFD52}.Release_Unicode_MT|x86.Build.0 = Release_Unicode_Static_MT|Win32
		{B603B4AE-C290-36F8-8C2C-C01E3E2EFD52}.Release_Unicode_Static_MT|x64.ActiveCfg = Release_Unicode_Static|Win32
		{B603B4AE-C290-36F8-8C2C-C01E3E2EFD52}.Release_Unicode_Static_MT|x64.Build.0 = Release_Unicode_Static|Win32
		{B603B4AE-C290-36F8-8C2C-C01E3E2EFD52}.Release_Unicode_Static_MT|x86.ActiveCfg = Release_Unicode_Static_MT|Win32
		{B603B4AE-C290-36F8-8C2C-C01E3E2EFD52}.Release_Unicode_Static_MT|x86.Build.0 = Release_Unicode_Static_MT|Win32
		{B603B4AE-C290-36F8-8C2C-C01E3E2EFD52}.Release_Unicode_Static|x64.ActiveCfg = Release_Unicode_Static|Win32
		{B603B4AE-C290-36F8-8C2C-C01E3E2EFD52}.Release_Unicode_Static|x64.Build.0 = Release_Unicode_Static|Win32
		{B603B4AE-C290-36F8-8C2C-C01E3E2EFD52}.Release_Unicode_Static|x86.ActiveCfg = Release_Unicode_Static|Win32
		{B603B4AE-C290-36F8-8C2C-C01E3E2EFD52}.Release_Unicode_Static|x86.Build.0 = Release_Unicode_Static|Win32
		{B603B4AE-C290-36F8-8C2C-C01E3E2EFD52}.Release_Unicode|x64.ActiveCfg = Release_Unicode_Static|Win32
		{B603B4AE-C290-36F8-8C2C-C01E3E2EFD52}.Release_Unicode|x64.Build.0 = Release_Unicode_Static|Win32
		{B603B4AE-C290-36F8-8C2C-C01E3E2EFD52}.Release_Unicode|x86.ActiveCfg = Release_Unicode_Static|Win32
		{B603B4AE-C290-36F8-8C2C-C01E3E2EFD52}.Release_Unicode|x86.Build.0 = Release_Unicode_Static|Win32
		{7BCB92E4-A7A2-317A-8D33-5F8162C49F51}.Debug_Design|x64.ActiveCfg = Release_Unicode_Static|Win32
		{7BCB92E4-A7A2-317A-8D33-5F8162C49F51}.Debug_Design|x86.ActiveCfg = Debug_Unicode_Static|Win32
		{7BCB92E4-A7A2-317A-8D33-5F8162C49F51}.Debug_Unicode_MT|x64.ActiveCfg = Release_Unicode_Static|Win32
		{7BCB92E4-A7A2-317A-8D33-5F8162C49F51}.Debug_Unicode_MT|x86.ActiveCfg = Debug_Unicode_Static_MT|Win32
		{7BCB92E4-A7A2-317A-8D33-5F8162C49F51}.Debug_Unicode_MT|x86.Build.0 = Debug_Unicode_Static_MT|Win32
		{7BCB92E4-A7A2-317A-8D33-5F8162C49F51}.Debug_Unicode_Static_MT|x64.ActiveCfg = Debug_Unicode_Static|Win32
		{7BCB92E4-A7A2-317A-8D33-5F8162C49F51}.Debug_Unicode_Static_MT|x86.ActiveCfg = Debug_Unicode_Static_MT|Win32
		{7BCB92E4-A7A2-317A-8D33-5F8162C49F51}.Debug_Unicode_Static_MT|x86.Build.0 = Debug_Unicode_Static_MT|Win32
		{7BCB92E4-A7A2-317A-8D33-5F8162C49F51}.Debug_Unicode_Static|x64.ActiveCfg = Debug_Unicode_Static|Win32
		{7BCB92E4-A7A2-317A-8D33-5F8162C49F51}.Debug_Unicode_Static|x86.ActiveCfg = Debug_Unicode_Static|Win32
		{7BCB92E4-A7A2-317A-8D33-5F8162C49F51}.Debug_Unicode_Static|x86.Build.0 = Debug_Unicode_Static|Win32
		{7BCB92E4-A7A2-317A-8D33-5F8162C49F51}.Debug_Unicode|x64.ActiveCfg = Debug_Unicode_Static|Win32
		{7BCB92E4-A7A2-317A-8D33-5F8162C49F51}.Debug_Unicode|x86.ActiveCfg = Debug_Unicode_Static|Win32
		{7BCB92E4-A7A2-317A-8D33-5F8162C49F51}.Release_Design|x64.ActiveCfg = Release_Unicode_Static|Win32
		{7BCB92E4-A7A2-317A-8D33-5F8162C49F51}.Release_Design|x64.Build.0 = Release_Unicode_Static|Win32
		{7BCB92E4-A7A2-317A-8D33-5F8162C49F51}.Release_Design|x86.ActiveCfg = Release_Unicode_Static|Win32
		{7BCB92E4-A7A2-317A-8D33-5F8162C49F51}.Release_Design|x86.Build.0 = Release_Unicode_Static|Win32
		{7BCB92E4-A7A2-317A-8D33-5F8162C49F51}.Release_Unicode_MT|x64.ActiveCfg = Release_Unicode_Static|Win32
		{7BCB92E4-A7A2-317A-8D33-5F8162C49F51}.Release_Unicode_MT|x64.Build.0 = Release_Unicode_Static|Win32
		{7BCB92E4-A7A2-317A-8D33-5F8162C49F51}.Release_Unicode_MT|x86.ActiveCfg = Release_Unicode_Static_MT|Win32
		{7BCB92E4-A7A2-317A-8D33-5F8162C49F51}.Release_Unicode_MT|x86.Build.0 = Release_Unicode_Static_MT|Win32
		{7BCB92E4-A7A2-317A-8D33-5F8162C49F51}.Release_Unicode_Static_MT|x64.ActiveCfg = Release_Unicode_Static|Win32
		{7BCB92E4-A7A2-317A-8D33-5F8162C49F51}.Release_Unicode_Static_MT|x64.Build.0 = Release_Unicode_Static|Win32
		{7BCB92E4-A7A2-317A-8D33-5F8162C49F51}.Release_Unicode_Static_MT|x86.ActiveCfg = Release_Unicode_Static_MT|Win32
		{7BCB92E4-A7A2-317A-8D33-5F8162C49F51}.Release_Unicode_Static_MT|x86.Build.0 = Release_Unicode_Static_MT|Win32
		{7BCB92E4-A7A2-317A-8D33-5F8162C49F51}.Release_Unicode_Static|x64.ActiveCfg = Release_Unicode_Static|Win32
		{7BCB92E4-A7A2-317A-8D33-5F8162C49F51}.Release_Unicode_Static|x64.Build.0 = Release_Unicode_Static|Win32
		{7BCB92E4-A7A2-317A-8D33-5F8162C49F51}.Release_Unicode_Static|x86.ActiveCfg = Release_Unicode_Static|Win32
		{7BCB92E4-A7A2-317A-8D33-5F8162C49F51}.Release_Unicode_Static|x86.Build.0 = Release_Unicode_Static|Win32
		{7BCB92E4-A7A2-317A-8D33-5F8162C49F51}.Release_Unicode|x64.ActiveCfg = Release_Unicode_Static|Win32
		{7BCB92E4-A7A2-317A-8D33-5F8162C49F51}.Release_Unicode|x64.Build.0 = Release_Unicode_Static|Win32
		{7BCB92E4-A7A2-317A-8D33-5F8162C49F51}.Release_Unicode|x86.ActiveCfg = Release_Unicode_Static|Win32
		{7BCB92E4-A7A2-317A-8D33-5F8162C49F51}.Release_Unicode|x86.Build.0 = Release_Unicode_Static|Win32
	EndGlobalSection
	GlobalSection(SolutionProperties) = preSolution
		HideSolutionNode = FALSE
	EndGlobalSection
	GlobalSection(NestedProjects) = preSolution
		{4699CADB-7362-30C9-B0D0-25C4B88988DA} = {02EA681E-C7D8-13C7-8484-4AC65E1B71E8}
		{0EF1F64A-3427-335C-B396-186B76D4B58F} = {02EA681E-C7D8-13C7-8484-4AC65E1B71E8}
		{18A65F9E-99E7-382B-8E92-03E26F8E61FE} = {02EA681E-C7D8-13C7-8484-4AC65E1B71E8}
		{FB573304-4A90-3C74-8EE3-492B0EE488BB} = {02EA681E-C7D8-13C7-8484-4AC65E1B71E8}
		{5015D271-C44C-3F3A-93B7-AF7C7A4B8B86} = {02EA681E-C7D8-13C7-8484-4AC65E1B71E8}
		{BB6FEACC-E72A-3924-914D-EA27078185E5} = {02EA681E-C7D8-13C7-8484-4AC65E1B71E8}
		{432D9AA3-4594-3625-8C13-D634B335BEFD} = {02EA681E-C7D8-13C7-8484-4AC65E1B71E8}
		{CDD35F96-56DD-3825-961F-CB9C2D245405} = {02EA681E-C7D8-13C7-8484-4AC65E1B71E8}
		{B603B4AE-C290-36F8-8C2C-C01E3E2EFD52} = {02EA681E-C7D8-13C7-8484-4AC65E1B71E8}
		{7BCB92E4-A7A2-317A-8D33-5F8162C49F51} = {02EA681E-C7D8-13C7-8484-4AC65E1B71E8}
	EndGlobalSection
	GlobalSection(ExtensibilityGlobals) = postSolution
		SolutionGuid = {429250C0-4796-4680-BA81-312B2A6CCB92}
	EndGlobalSection
EndGlobal
