
Microsoft Visual Studio Solution File, Format Version 12.00
# Visual Studio Version 17
VisualStudioVersion = 17.6.33815.320
MinimumVisualStudioVersion = 10.0.40219.1
Project("{8BC9CEB8-8B4A-11D0-8D11-00A0C91BC942}") = "DUIThink", "DUIThink\DUIThink.vcxproj", "{9540DC14-C8F1-4CD5-B25E-AFBF9567E11E}"
EndProject
Project("{8BC9CEB8-8B4A-11D0-8D11-00A0C91BC942}") = "DUIPreview", "DUIPreview\DUIPreview.vcxproj", "{27DA6B66-760F-4687-9729-CBAD87B626ED}"
EndProject
Project("{8BC9CEB8-8B4A-11D0-8D11-00A0C91BC942}") = "MMHelper", "MMHelper\MMHelper.vcxproj", "{D64EE06C-987D-493C-969A-CF1D8F4390A9}"
EndProject
Global
	GlobalSection(SolutionConfigurationPlatforms) = preSolution
		Debug_Design|x64 = Debug_Design|x64
		Debug_Design|x86 = Debug_Design|x86
		Debug_Unicode_MT|x64 = Debug_Unicode_MT|x64
		Debug_Unicode_MT|x86 = Debug_Unicode_MT|x86
		Debug_Unicode_Static_MT|x64 = Debug_Unicode_Static_MT|x64
		Debug_Unicode_Static_MT|x86 = Debug_Unicode_Static_MT|x86
		Debug_Unicode_Static|x64 = Debug_Unicode_Static|x64
		Debug_Unicode_Static|x86 = Debug_Unicode_Static|x86
		Debug_Unicode_Wke_MT|x64 = Debug_Unicode_Wke_MT|x64
		Debug_Unicode_Wke_MT|x86 = Debug_Unicode_Wke_MT|x86
		Debug_Unicode_Wke_Static|x64 = Debug_Unicode_Wke_Static|x64
		Debug_Unicode_Wke_Static|x86 = Debug_Unicode_Wke_Static|x86
		Debug_Unicode_Wke|x64 = Debug_Unicode_Wke|x64
		Debug_Unicode_Wke|x86 = Debug_Unicode_Wke|x86
		Debug_Unicode|x64 = Debug_Unicode|x64
		Debug_Unicode|x86 = Debug_Unicode|x86
		Release_Design|x64 = Release_Design|x64
		Release_Design|x86 = Release_Design|x86
		Release_Unicode_MT|x64 = Release_Unicode_MT|x64
		Release_Unicode_MT|x86 = Release_Unicode_MT|x86
		Release_Unicode_Static_MT|x64 = Release_Unicode_Static_MT|x64
		Release_Unicode_Static_MT|x86 = Release_Unicode_Static_MT|x86
		Release_Unicode_Static|x64 = Release_Unicode_Static|x64
		Release_Unicode_Static|x86 = Release_Unicode_Static|x86
		Release_Unicode_Wke_MT|x64 = Release_Unicode_Wke_MT|x64
		Release_Unicode_Wke_MT|x86 = Release_Unicode_Wke_MT|x86
		Release_Unicode_Wke_Static|x64 = Release_Unicode_Wke_Static|x64
		Release_Unicode_Wke_Static|x86 = Release_Unicode_Wke_Static|x86
		Release_Unicode_Wke|x64 = Release_Unicode_Wke|x64
		Release_Unicode_Wke|x86 = Release_Unicode_Wke|x86
		Release_Unicode|x64 = Release_Unicode|x64
		Release_Unicode|x86 = Release_Unicode|x86
	EndGlobalSection
	GlobalSection(ProjectConfigurationPlatforms) = postSolution
		{9540DC14-C8F1-4CD5-B25E-AFBF9567E11E}.Debug_Design|x64.ActiveCfg = Debug_Design|x64
		{9540DC14-C8F1-4CD5-B25E-AFBF9567E11E}.Debug_Design|x64.Build.0 = Debug_Design|x64
		{9540DC14-C8F1-4CD5-B25E-AFBF9567E11E}.Debug_Design|x86.ActiveCfg = Debug_Design|Win32
		{9540DC14-C8F1-4CD5-B25E-AFBF9567E11E}.Debug_Design|x86.Build.0 = Debug_Design|Win32
		{9540DC14-C8F1-4CD5-B25E-AFBF9567E11E}.Debug_Unicode_MT|x64.ActiveCfg = Debug_Unicode_MT|x64
		{9540DC14-C8F1-4CD5-B25E-AFBF9567E11E}.Debug_Unicode_MT|x64.Build.0 = Debug_Unicode_MT|x64
		{9540DC14-C8F1-4CD5-B25E-AFBF9567E11E}.Debug_Unicode_MT|x86.ActiveCfg = Debug_Unicode_MT|Win32
		{9540DC14-C8F1-4CD5-B25E-AFBF9567E11E}.Debug_Unicode_MT|x86.Build.0 = Debug_Unicode_MT|Win32
		{9540DC14-C8F1-4CD5-B25E-AFBF9567E11E}.Debug_Unicode_Static_MT|x64.ActiveCfg = Debug_Unicode_Static_MT|x64
		{9540DC14-C8F1-4CD5-B25E-AFBF9567E11E}.Debug_Unicode_Static_MT|x64.Build.0 = Debug_Unicode_Static_MT|x64
		{9540DC14-C8F1-4CD5-B25E-AFBF9567E11E}.Debug_Unicode_Static_MT|x86.ActiveCfg = Debug_Unicode_Static_MT|Win32
		{9540DC14-C8F1-4CD5-B25E-AFBF9567E11E}.Debug_Unicode_Static_MT|x86.Build.0 = Debug_Unicode_Static_MT|Win32
		{9540DC14-C8F1-4CD5-B25E-AFBF9567E11E}.Debug_Unicode_Static|x64.ActiveCfg = Debug_Unicode_Static|x64
		{9540DC14-C8F1-4CD5-B25E-AFBF9567E11E}.Debug_Unicode_Static|x64.Build.0 = Debug_Unicode_Static|x64
		{9540DC14-C8F1-4CD5-B25E-AFBF9567E11E}.Debug_Unicode_Static|x86.ActiveCfg = Debug_Unicode_Static|Win32
		{9540DC14-C8F1-4CD5-B25E-AFBF9567E11E}.Debug_Unicode_Static|x86.Build.0 = Debug_Unicode_Static|Win32
		{9540DC14-C8F1-4CD5-B25E-AFBF9567E11E}.Debug_Unicode_Wke_MT|x64.ActiveCfg = Debug_Unicode_Wke_MT|x64
		{9540DC14-C8F1-4CD5-B25E-AFBF9567E11E}.Debug_Unicode_Wke_MT|x64.Build.0 = Debug_Unicode_Wke_MT|x64
		{9540DC14-C8F1-4CD5-B25E-AFBF9567E11E}.Debug_Unicode_Wke_MT|x86.ActiveCfg = Debug_Unicode_Wke_MT|Win32
		{9540DC14-C8F1-4CD5-B25E-AFBF9567E11E}.Debug_Unicode_Wke_MT|x86.Build.0 = Debug_Unicode_Wke_MT|Win32
		{9540DC14-C8F1-4CD5-B25E-AFBF9567E11E}.Debug_Unicode_Wke_Static|x64.ActiveCfg = Debug_Unicode_Wke_Static|x64
		{9540DC14-C8F1-4CD5-B25E-AFBF9567E11E}.Debug_Unicode_Wke_Static|x64.Build.0 = Debug_Unicode_Wke_Static|x64
		{9540DC14-C8F1-4CD5-B25E-AFBF9567E11E}.Debug_Unicode_Wke_Static|x86.ActiveCfg = Debug_Unicode_Wke_Static|Win32
		{9540DC14-C8F1-4CD5-B25E-AFBF9567E11E}.Debug_Unicode_Wke_Static|x86.Build.0 = Debug_Unicode_Wke_Static|Win32
		{9540DC14-C8F1-4CD5-B25E-AFBF9567E11E}.Debug_Unicode_Wke|x64.ActiveCfg = Debug_Unicode_Wke|x64
		{9540DC14-C8F1-4CD5-B25E-AFBF9567E11E}.Debug_Unicode_Wke|x64.Build.0 = Debug_Unicode_Wke|x64
		{9540DC14-C8F1-4CD5-B25E-AFBF9567E11E}.Debug_Unicode_Wke|x86.ActiveCfg = Debug_Unicode_Wke|Win32
		{9540DC14-C8F1-4CD5-B25E-AFBF9567E11E}.Debug_Unicode_Wke|x86.Build.0 = Debug_Unicode_Wke|Win32
		{9540DC14-C8F1-4CD5-B25E-AFBF9567E11E}.Debug_Unicode|x64.ActiveCfg = Debug_Unicode|x64
		{9540DC14-C8F1-4CD5-B25E-AFBF9567E11E}.Debug_Unicode|x64.Build.0 = Debug_Unicode|x64
		{9540DC14-C8F1-4CD5-B25E-AFBF9567E11E}.Debug_Unicode|x86.ActiveCfg = Debug_Unicode|Win32
		{9540DC14-C8F1-4CD5-B25E-AFBF9567E11E}.Debug_Unicode|x86.Build.0 = Debug_Unicode|Win32
		{9540DC14-C8F1-4CD5-B25E-AFBF9567E11E}.Release_Design|x64.ActiveCfg = Release_Design|x64
		{9540DC14-C8F1-4CD5-B25E-AFBF9567E11E}.Release_Design|x64.Build.0 = Release_Design|x64
		{9540DC14-C8F1-4CD5-B25E-AFBF9567E11E}.Release_Design|x86.ActiveCfg = Release_Design|Win32
		{9540DC14-C8F1-4CD5-B25E-AFBF9567E11E}.Release_Design|x86.Build.0 = Release_Design|Win32
		{9540DC14-C8F1-4CD5-B25E-AFBF9567E11E}.Release_Unicode_MT|x64.ActiveCfg = Release_Unicode_MT|x64
		{9540DC14-C8F1-4CD5-B25E-AFBF9567E11E}.Release_Unicode_MT|x64.Build.0 = Release_Unicode_MT|x64
		{9540DC14-C8F1-4CD5-B25E-AFBF9567E11E}.Release_Unicode_MT|x86.ActiveCfg = Release_Unicode_MT|Win32
		{9540DC14-C8F1-4CD5-B25E-AFBF9567E11E}.Release_Unicode_MT|x86.Build.0 = Release_Unicode_MT|Win32
		{9540DC14-C8F1-4CD5-B25E-AFBF9567E11E}.Release_Unicode_Static_MT|x64.ActiveCfg = Release_Unicode_Static_MT|x64
		{9540DC14-C8F1-4CD5-B25E-AFBF9567E11E}.Release_Unicode_Static_MT|x64.Build.0 = Release_Unicode_Static_MT|x64
		{9540DC14-C8F1-4CD5-B25E-AFBF9567E11E}.Release_Unicode_Static_MT|x86.ActiveCfg = Release_Unicode_Static_MT|Win32
		{9540DC14-C8F1-4CD5-B25E-AFBF9567E11E}.Release_Unicode_Static_MT|x86.Build.0 = Release_Unicode_Static_MT|Win32
		{9540DC14-C8F1-4CD5-B25E-AFBF9567E11E}.Release_Unicode_Static|x64.ActiveCfg = Release_Unicode_Static|x64
		{9540DC14-C8F1-4CD5-B25E-AFBF9567E11E}.Release_Unicode_Static|x64.Build.0 = Release_Unicode_Static|x64
		{9540DC14-C8F1-4CD5-B25E-AFBF9567E11E}.Release_Unicode_Static|x86.ActiveCfg = Release_Unicode_Static|Win32
		{9540DC14-C8F1-4CD5-B25E-AFBF9567E11E}.Release_Unicode_Static|x86.Build.0 = Release_Unicode_Static|Win32
		{9540DC14-C8F1-4CD5-B25E-AFBF9567E11E}.Release_Unicode_Wke_MT|x64.ActiveCfg = Release_Unicode_Wke_MT|x64
		{9540DC14-C8F1-4CD5-B25E-AFBF9567E11E}.Release_Unicode_Wke_MT|x64.Build.0 = Release_Unicode_Wke_MT|x64
		{9540DC14-C8F1-4CD5-B25E-AFBF9567E11E}.Release_Unicode_Wke_MT|x86.ActiveCfg = Release_Unicode_Wke_MT|Win32
		{9540DC14-C8F1-4CD5-B25E-AFBF9567E11E}.Release_Unicode_Wke_MT|x86.Build.0 = Release_Unicode_Wke_MT|Win32
		{9540DC14-C8F1-4CD5-B25E-AFBF9567E11E}.Release_Unicode_Wke_Static|x64.ActiveCfg = Release_Unicode_Wke_Static|x64
		{9540DC14-C8F1-4CD5-B25E-AFBF9567E11E}.Release_Unicode_Wke_Static|x64.Build.0 = Release_Unicode_Wke_Static|x64
		{9540DC14-C8F1-4CD5-B25E-AFBF9567E11E}.Release_Unicode_Wke_Static|x86.ActiveCfg = Release_Unicode_Wke_Static|Win32
		{9540DC14-C8F1-4CD5-B25E-AFBF9567E11E}.Release_Unicode_Wke_Static|x86.Build.0 = Release_Unicode_Wke_Static|Win32
		{9540DC14-C8F1-4CD5-B25E-AFBF9567E11E}.Release_Unicode_Wke|x64.ActiveCfg = Release_Unicode_Wke|x64
		{9540DC14-C8F1-4CD5-B25E-AFBF9567E11E}.Release_Unicode_Wke|x64.Build.0 = Release_Unicode_Wke|x64
		{9540DC14-C8F1-4CD5-B25E-AFBF9567E11E}.Release_Unicode_Wke|x86.ActiveCfg = Release_Unicode_Wke|Win32
		{9540DC14-C8F1-4CD5-B25E-AFBF9567E11E}.Release_Unicode_Wke|x86.Build.0 = Release_Unicode_Wke|Win32
		{9540DC14-C8F1-4CD5-B25E-AFBF9567E11E}.Release_Unicode|x64.ActiveCfg = Release_Unicode|x64
		{9540DC14-C8F1-4CD5-B25E-AFBF9567E11E}.Release_Unicode|x64.Build.0 = Release_Unicode|x64
		{9540DC14-C8F1-4CD5-B25E-AFBF9567E11E}.Release_Unicode|x86.ActiveCfg = Release_Unicode|Win32
		{9540DC14-C8F1-4CD5-B25E-AFBF9567E11E}.Release_Unicode|x86.Build.0 = Release_Unicode|Win32
		{27DA6B66-760F-4687-9729-CBAD87B626ED}.Debug_Design|x64.ActiveCfg = Debug_Unicode_Wke_Static|x64
		{27DA6B66-760F-4687-9729-CBAD87B626ED}.Debug_Design|x64.Build.0 = Debug_Unicode_Wke_Static|x64
		{27DA6B66-760F-4687-9729-CBAD87B626ED}.Debug_Design|x86.ActiveCfg = Debug_Unicode_Wke_Static|Win32
		{27DA6B66-760F-4687-9729-CBAD87B626ED}.Debug_Design|x86.Build.0 = Debug_Unicode_Wke_Static|Win32
		{27DA6B66-760F-4687-9729-CBAD87B626ED}.Debug_Unicode_MT|x64.ActiveCfg = Debug_Unicode_MT|x64
		{27DA6B66-760F-4687-9729-CBAD87B626ED}.Debug_Unicode_MT|x64.Build.0 = Debug_Unicode_MT|x64
		{27DA6B66-760F-4687-9729-CBAD87B626ED}.Debug_Unicode_MT|x86.ActiveCfg = Debug_Unicode_MT|Win32
		{27DA6B66-760F-4687-9729-CBAD87B626ED}.Debug_Unicode_MT|x86.Build.0 = Debug_Unicode_MT|Win32
		{27DA6B66-760F-4687-9729-CBAD87B626ED}.Debug_Unicode_Static_MT|x64.ActiveCfg = Debug_Unicode_Static_MT|x64
		{27DA6B66-760F-4687-9729-CBAD87B626ED}.Debug_Unicode_Static_MT|x64.Build.0 = Debug_Unicode_Static_MT|x64
		{27DA6B66-760F-4687-9729-CBAD87B626ED}.Debug_Unicode_Static_MT|x86.ActiveCfg = Debug_Unicode_Static_MT|Win32
		{27DA6B66-760F-4687-9729-CBAD87B626ED}.Debug_Unicode_Static_MT|x86.Build.0 = Debug_Unicode_Static_MT|Win32
		{27DA6B66-760F-4687-9729-CBAD87B626ED}.Debug_Unicode_Static|x64.ActiveCfg = Debug_Unicode_Static|x64
		{27DA6B66-760F-4687-9729-CBAD87B626ED}.Debug_Unicode_Static|x64.Build.0 = Debug_Unicode_Static|x64
		{27DA6B66-760F-4687-9729-CBAD87B626ED}.Debug_Unicode_Static|x86.ActiveCfg = Debug_Unicode_Static|Win32
		{27DA6B66-760F-4687-9729-CBAD87B626ED}.Debug_Unicode_Static|x86.Build.0 = Debug_Unicode_Static|Win32
		{27DA6B66-760F-4687-9729-CBAD87B626ED}.Debug_Unicode_Wke_MT|x64.ActiveCfg = Debug_Unicode_Wke_MT|x64
		{27DA6B66-760F-4687-9729-CBAD87B626ED}.Debug_Unicode_Wke_MT|x64.Build.0 = Debug_Unicode_Wke_MT|x64
		{27DA6B66-760F-4687-9729-CBAD87B626ED}.Debug_Unicode_Wke_MT|x86.ActiveCfg = Debug_Unicode_Wke_MT|Win32
		{27DA6B66-760F-4687-9729-CBAD87B626ED}.Debug_Unicode_Wke_MT|x86.Build.0 = Debug_Unicode_Wke_MT|Win32
		{27DA6B66-760F-4687-9729-CBAD87B626ED}.Debug_Unicode_Wke_Static|x64.ActiveCfg = Debug_Unicode_Wke_Static|x64
		{27DA6B66-760F-4687-9729-CBAD87B626ED}.Debug_Unicode_Wke_Static|x64.Build.0 = Debug_Unicode_Wke_Static|x64
		{27DA6B66-760F-4687-9729-CBAD87B626ED}.Debug_Unicode_Wke_Static|x86.ActiveCfg = Debug_Unicode_Wke_Static|Win32
		{27DA6B66-760F-4687-9729-CBAD87B626ED}.Debug_Unicode_Wke_Static|x86.Build.0 = Debug_Unicode_Wke_Static|Win32
		{27DA6B66-760F-4687-9729-CBAD87B626ED}.Debug_Unicode_Wke|x64.ActiveCfg = Debug_Unicode_Wke|x64
		{27DA6B66-760F-4687-9729-CBAD87B626ED}.Debug_Unicode_Wke|x64.Build.0 = Debug_Unicode_Wke|x64
		{27DA6B66-760F-4687-9729-CBAD87B626ED}.Debug_Unicode_Wke|x86.ActiveCfg = Debug_Unicode_Wke|Win32
		{27DA6B66-760F-4687-9729-CBAD87B626ED}.Debug_Unicode_Wke|x86.Build.0 = Debug_Unicode_Wke|Win32
		{27DA6B66-760F-4687-9729-CBAD87B626ED}.Debug_Unicode|x64.ActiveCfg = Debug_Unicode|x64
		{27DA6B66-760F-4687-9729-CBAD87B626ED}.Debug_Unicode|x64.Build.0 = Debug_Unicode|x64
		{27DA6B66-760F-4687-9729-CBAD87B626ED}.Debug_Unicode|x86.ActiveCfg = Debug_Unicode|Win32
		{27DA6B66-760F-4687-9729-CBAD87B626ED}.Debug_Unicode|x86.Build.0 = Debug_Unicode|Win32
		{27DA6B66-760F-4687-9729-CBAD87B626ED}.Release_Design|x64.ActiveCfg = Release_Unicode|x64
		{27DA6B66-760F-4687-9729-CBAD87B626ED}.Release_Design|x64.Build.0 = Release_Unicode|x64
		{27DA6B66-760F-4687-9729-CBAD87B626ED}.Release_Design|x86.ActiveCfg = Release_Unicode|Win32
		{27DA6B66-760F-4687-9729-CBAD87B626ED}.Release_Design|x86.Build.0 = Release_Unicode|Win32
		{27DA6B66-760F-4687-9729-CBAD87B626ED}.Release_Unicode_MT|x64.ActiveCfg = Release_Unicode_MT|x64
		{27DA6B66-760F-4687-9729-CBAD87B626ED}.Release_Unicode_MT|x64.Build.0 = Release_Unicode_MT|x64
		{27DA6B66-760F-4687-9729-CBAD87B626ED}.Release_Unicode_MT|x86.ActiveCfg = Release_Unicode_MT|Win32
		{27DA6B66-760F-4687-9729-CBAD87B626ED}.Release_Unicode_MT|x86.Build.0 = Release_Unicode_MT|Win32
		{27DA6B66-760F-4687-9729-CBAD87B626ED}.Release_Unicode_Static_MT|x64.ActiveCfg = Release_Unicode_Static_MT|x64
		{27DA6B66-760F-4687-9729-CBAD87B626ED}.Release_Unicode_Static_MT|x64.Build.0 = Release_Unicode_Static_MT|x64
		{27DA6B66-760F-4687-9729-CBAD87B626ED}.Release_Unicode_Static_MT|x86.ActiveCfg = Release_Unicode_Static_MT|Win32
		{27DA6B66-760F-4687-9729-CBAD87B626ED}.Release_Unicode_Static_MT|x86.Build.0 = Release_Unicode_Static_MT|Win32
		{27DA6B66-760F-4687-9729-CBAD87B626ED}.Release_Unicode_Static|x64.ActiveCfg = Release_Unicode_Static|x64
		{27DA6B66-760F-4687-9729-CBAD87B626ED}.Release_Unicode_Static|x64.Build.0 = Release_Unicode_Static|x64
		{27DA6B66-760F-4687-9729-CBAD87B626ED}.Release_Unicode_Static|x86.ActiveCfg = Release_Unicode_Static|Win32
		{27DA6B66-760F-4687-9729-CBAD87B626ED}.Release_Unicode_Static|x86.Build.0 = Release_Unicode_Static|Win32
		{27DA6B66-760F-4687-9729-CBAD87B626ED}.Release_Unicode_Wke_MT|x64.ActiveCfg = Release_Unicode_Wke_MT|x64
		{27DA6B66-760F-4687-9729-CBAD87B626ED}.Release_Unicode_Wke_MT|x64.Build.0 = Release_Unicode_Wke_MT|x64
		{27DA6B66-760F-4687-9729-CBAD87B626ED}.Release_Unicode_Wke_MT|x86.ActiveCfg = Release_Unicode_Wke_MT|Win32
		{27DA6B66-760F-4687-9729-CBAD87B626ED}.Release_Unicode_Wke_MT|x86.Build.0 = Release_Unicode_Wke_MT|Win32
		{27DA6B66-760F-4687-9729-CBAD87B626ED}.Release_Unicode_Wke_Static|x64.ActiveCfg = Release_Unicode_Wke_Static|x64
		{27DA6B66-760F-4687-9729-CBAD87B626ED}.Release_Unicode_Wke_Static|x64.Build.0 = Release_Unicode_Wke_Static|x64
		{27DA6B66-760F-4687-9729-CBAD87B626ED}.Release_Unicode_Wke_Static|x86.ActiveCfg = Release_Unicode_Wke_Static|Win32
		{27DA6B66-760F-4687-9729-CBAD87B626ED}.Release_Unicode_Wke_Static|x86.Build.0 = Release_Unicode_Wke_Static|Win32
		{27DA6B66-760F-4687-9729-CBAD87B626ED}.Release_Unicode_Wke|x64.ActiveCfg = Release_Unicode_Wke|x64
		{27DA6B66-760F-4687-9729-CBAD87B626ED}.Release_Unicode_Wke|x64.Build.0 = Release_Unicode_Wke|x64
		{27DA6B66-760F-4687-9729-CBAD87B626ED}.Release_Unicode_Wke|x86.ActiveCfg = Release_Unicode_Wke|Win32
		{27DA6B66-760F-4687-9729-CBAD87B626ED}.Release_Unicode_Wke|x86.Build.0 = Release_Unicode_Wke|Win32
		{27DA6B66-760F-4687-9729-CBAD87B626ED}.Release_Unicode|x64.ActiveCfg = Release_Unicode|x64
		{27DA6B66-760F-4687-9729-CBAD87B626ED}.Release_Unicode|x64.Build.0 = Release_Unicode|x64
		{27DA6B66-760F-4687-9729-CBAD87B626ED}.Release_Unicode|x86.ActiveCfg = Release_Unicode|Win32
		{27DA6B66-760F-4687-9729-CBAD87B626ED}.Release_Unicode|x86.Build.0 = Release_Unicode|Win32
		{D64EE06C-987D-493C-969A-CF1D8F4390A9}.Debug_Design|x64.ActiveCfg = Debug_Unicode|x64
		{D64EE06C-987D-493C-969A-CF1D8F4390A9}.Debug_Design|x64.Build.0 = Debug_Unicode|x64
		{D64EE06C-987D-493C-969A-CF1D8F4390A9}.Debug_Design|x86.ActiveCfg = Debug_Unicode|Win32
		{D64EE06C-987D-493C-969A-CF1D8F4390A9}.Debug_Design|x86.Build.0 = Debug_Unicode|Win32
		{D64EE06C-987D-493C-969A-CF1D8F4390A9}.Debug_Unicode_MT|x64.ActiveCfg = Debug_Unicode_MT|x64
		{D64EE06C-987D-493C-969A-CF1D8F4390A9}.Debug_Unicode_MT|x64.Build.0 = Debug_Unicode_MT|x64
		{D64EE06C-987D-493C-969A-CF1D8F4390A9}.Debug_Unicode_MT|x86.ActiveCfg = Debug_Unicode_MT|Win32
		{D64EE06C-987D-493C-969A-CF1D8F4390A9}.Debug_Unicode_MT|x86.Build.0 = Debug_Unicode_MT|Win32
		{D64EE06C-987D-493C-969A-CF1D8F4390A9}.Debug_Unicode_Static_MT|x64.ActiveCfg = Debug_Unicode_Static_MT|x64
		{D64EE06C-987D-493C-969A-CF1D8F4390A9}.Debug_Unicode_Static_MT|x64.Build.0 = Debug_Unicode_Static_MT|x64
		{D64EE06C-987D-493C-969A-CF1D8F4390A9}.Debug_Unicode_Static_MT|x86.ActiveCfg = Debug_Unicode_Static_MT|Win32
		{D64EE06C-987D-493C-969A-CF1D8F4390A9}.Debug_Unicode_Static_MT|x86.Build.0 = Debug_Unicode_Static_MT|Win32
		{D64EE06C-987D-493C-969A-CF1D8F4390A9}.Debug_Unicode_Static|x64.ActiveCfg = Debug_Unicode_Static|x64
		{D64EE06C-987D-493C-969A-CF1D8F4390A9}.Debug_Unicode_Static|x64.Build.0 = Debug_Unicode_Static|x64
		{D64EE06C-987D-493C-969A-CF1D8F4390A9}.Debug_Unicode_Static|x86.ActiveCfg = Debug_Unicode_Static|Win32
		{D64EE06C-987D-493C-969A-CF1D8F4390A9}.Debug_Unicode_Static|x86.Build.0 = Debug_Unicode_Static|Win32
		{D64EE06C-987D-493C-969A-CF1D8F4390A9}.Debug_Unicode_Wke_MT|x64.ActiveCfg = Debug_Unicode_Static|x64
		{D64EE06C-987D-493C-969A-CF1D8F4390A9}.Debug_Unicode_Wke_MT|x64.Build.0 = Debug_Unicode_Static|x64
		{D64EE06C-987D-493C-969A-CF1D8F4390A9}.Debug_Unicode_Wke_MT|x86.ActiveCfg = Debug_Unicode_Static|Win32
		{D64EE06C-987D-493C-969A-CF1D8F4390A9}.Debug_Unicode_Wke_MT|x86.Build.0 = Debug_Unicode_Static|Win32
		{D64EE06C-987D-493C-969A-CF1D8F4390A9}.Debug_Unicode_Wke_Static|x64.ActiveCfg = Debug_Unicode_Static_MT|x64
		{D64EE06C-987D-493C-969A-CF1D8F4390A9}.Debug_Unicode_Wke_Static|x64.Build.0 = Debug_Unicode_Static_MT|x64
		{D64EE06C-987D-493C-969A-CF1D8F4390A9}.Debug_Unicode_Wke_Static|x86.ActiveCfg = Debug_Unicode_Static_MT|Win32
		{D64EE06C-987D-493C-969A-CF1D8F4390A9}.Debug_Unicode_Wke_Static|x86.Build.0 = Debug_Unicode_Static_MT|Win32
		{D64EE06C-987D-493C-969A-CF1D8F4390A9}.Debug_Unicode_Wke|x64.ActiveCfg = Debug_Unicode_Static|x64
		{D64EE06C-987D-493C-969A-CF1D8F4390A9}.Debug_Unicode_Wke|x64.Build.0 = Debug_Unicode_Static|x64
		{D64EE06C-987D-493C-969A-CF1D8F4390A9}.Debug_Unicode_Wke|x86.ActiveCfg = Debug_Unicode_Static|Win32
		{D64EE06C-987D-493C-969A-CF1D8F4390A9}.Debug_Unicode_Wke|x86.Build.0 = Debug_Unicode_Static|Win32
		{D64EE06C-987D-493C-969A-CF1D8F4390A9}.Debug_Unicode|x64.ActiveCfg = Debug_Unicode|x64
		{D64EE06C-987D-493C-969A-CF1D8F4390A9}.Debug_Unicode|x64.Build.0 = Debug_Unicode|x64
		{D64EE06C-987D-493C-969A-CF1D8F4390A9}.Debug_Unicode|x86.ActiveCfg = Debug_Unicode|Win32
		{D64EE06C-987D-493C-969A-CF1D8F4390A9}.Debug_Unicode|x86.Build.0 = Debug_Unicode|Win32
		{D64EE06C-987D-493C-969A-CF1D8F4390A9}.Release_Design|x64.ActiveCfg = Release_Unicode|x64
		{D64EE06C-987D-493C-969A-CF1D8F4390A9}.Release_Design|x64.Build.0 = Release_Unicode|x64
		{D64EE06C-987D-493C-969A-CF1D8F4390A9}.Release_Design|x86.ActiveCfg = Release_Unicode|Win32
		{D64EE06C-987D-493C-969A-CF1D8F4390A9}.Release_Design|x86.Build.0 = Release_Unicode|Win32
		{D64EE06C-987D-493C-969A-CF1D8F4390A9}.Release_Unicode_MT|x64.ActiveCfg = Release_Unicode_MT|x64
		{D64EE06C-987D-493C-969A-CF1D8F4390A9}.Release_Unicode_MT|x64.Build.0 = Release_Unicode_MT|x64
		{D64EE06C-987D-493C-969A-CF1D8F4390A9}.Release_Unicode_MT|x86.ActiveCfg = Release_Unicode_MT|Win32
		{D64EE06C-987D-493C-969A-CF1D8F4390A9}.Release_Unicode_MT|x86.Build.0 = Release_Unicode_MT|Win32
		{D64EE06C-987D-493C-969A-CF1D8F4390A9}.Release_Unicode_Static_MT|x64.ActiveCfg = Release_Unicode_Static_MT|x64
		{D64EE06C-987D-493C-969A-CF1D8F4390A9}.Release_Unicode_Static_MT|x64.Build.0 = Release_Unicode_Static_MT|x64
		{D64EE06C-987D-493C-969A-CF1D8F4390A9}.Release_Unicode_Static_MT|x86.ActiveCfg = Release_Unicode_Static_MT|Win32
		{D64EE06C-987D-493C-969A-CF1D8F4390A9}.Release_Unicode_Static_MT|x86.Build.0 = Release_Unicode_Static_MT|Win32
		{D64EE06C-987D-493C-969A-CF1D8F4390A9}.Release_Unicode_Static|x64.ActiveCfg = Release_Unicode_Static|x64
		{D64EE06C-987D-493C-969A-CF1D8F4390A9}.Release_Unicode_Static|x64.Build.0 = Release_Unicode_Static|x64
		{D64EE06C-987D-493C-969A-CF1D8F4390A9}.Release_Unicode_Static|x86.ActiveCfg = Release_Unicode_Static|Win32
		{D64EE06C-987D-493C-969A-CF1D8F4390A9}.Release_Unicode_Static|x86.Build.0 = Release_Unicode_Static|Win32
		{D64EE06C-987D-493C-969A-CF1D8F4390A9}.Release_Unicode_Wke_MT|x64.ActiveCfg = Release_Unicode_Static_MT|x64
		{D64EE06C-987D-493C-969A-CF1D8F4390A9}.Release_Unicode_Wke_MT|x64.Build.0 = Release_Unicode_Static_MT|x64
		{D64EE06C-987D-493C-969A-CF1D8F4390A9}.Release_Unicode_Wke_MT|x86.ActiveCfg = Release_Unicode_Static_MT|Win32
		{D64EE06C-987D-493C-969A-CF1D8F4390A9}.Release_Unicode_Wke_MT|x86.Build.0 = Release_Unicode_Static_MT|Win32
		{D64EE06C-987D-493C-969A-CF1D8F4390A9}.Release_Unicode_Wke_Static|x64.ActiveCfg = Release_Unicode_Static_MT|x64
		{D64EE06C-987D-493C-969A-CF1D8F4390A9}.Release_Unicode_Wke_Static|x64.Build.0 = Release_Unicode_Static_MT|x64
		{D64EE06C-987D-493C-969A-CF1D8F4390A9}.Release_Unicode_Wke_Static|x86.ActiveCfg = Release_Unicode_Static_MT|Win32
		{D64EE06C-987D-493C-969A-CF1D8F4390A9}.Release_Unicode_Wke_Static|x86.Build.0 = Release_Unicode_Static_MT|Win32
		{D64EE06C-987D-493C-969A-CF1D8F4390A9}.Release_Unicode_Wke|x64.ActiveCfg = Release_Unicode_Static_MT|x64
		{D64EE06C-987D-493C-969A-CF1D8F4390A9}.Release_Unicode_Wke|x64.Build.0 = Release_Unicode_Static_MT|x64
		{D64EE06C-987D-493C-969A-CF1D8F4390A9}.Release_Unicode_Wke|x86.ActiveCfg = Release_Unicode_Static_MT|Win32
		{D64EE06C-987D-493C-969A-CF1D8F4390A9}.Release_Unicode_Wke|x86.Build.0 = Release_Unicode_Static_MT|Win32
		{D64EE06C-987D-493C-969A-CF1D8F4390A9}.Release_Unicode|x64.ActiveCfg = Release_Unicode|x64
		{D64EE06C-987D-493C-969A-CF1D8F4390A9}.Release_Unicode|x64.Build.0 = Release_Unicode|x64
		{D64EE06C-987D-493C-969A-CF1D8F4390A9}.Release_Unicode|x86.ActiveCfg = Release_Unicode|Win32
		{D64EE06C-987D-493C-969A-CF1D8F4390A9}.Release_Unicode|x86.Build.0 = Release_Unicode|Win32
	EndGlobalSection
	GlobalSection(SolutionProperties) = preSolution
		HideSolutionNode = FALSE
	EndGlobalSection
	GlobalSection(ExtensibilityGlobals) = postSolution
		SolutionGuid = {429250C0-4796-4680-BA81-312B2A6CCB92}
	EndGlobalSection
EndGlobal
