<?xml version="1.0" encoding="utf-8"?>
<Project ToolsVersion="15.0" xmlns="http://schemas.microsoft.com/developer/msbuild/2003">
  <ItemGroup>
    <Object Include="$(Platform)\$(Configuration)\alpha_dec.obj">
      <Filter>Object Libraries</Filter>
    </Object>
    <Object Include="$(Platform)\$(Configuration)\alpha_enc.obj">
      <Filter>Object Libraries</Filter>
    </Object>
    <Object Include="$(Platform)\$(Configuration)\alpha_processing.obj">
      <Filter>Object Libraries</Filter>
    </Object>
    <Object Include="$(Platform)\$(Configuration)\alpha_processing_mips_dsp_r2.obj">
      <Filter>Object Libraries</Filter>
    </Object>
    <Object Include="$(Platform)\$(Configuration)\alpha_processing_neon.obj">
      <Filter>Object Libraries</Filter>
    </Object>
    <Object Include="$(Platform)\$(Configuration)\alpha_processing_sse2.obj">
      <Filter>Object Libraries</Filter>
    </Object>
    <Object Include="$(Platform)\$(Configuration)\alpha_processing_sse41.obj">
      <Filter>Object Libraries</Filter>
    </Object>
    <Object Include="$(Platform)\$(Configuration)\analysis_enc.obj">
      <Filter>Object Libraries</Filter>
    </Object>
    <Object Include="$(Platform)\$(Configuration)\backward_references_cost_enc.obj">
      <Filter>Object Libraries</Filter>
    </Object>
    <Object Include="$(Platform)\$(Configuration)\backward_references_enc.obj">
      <Filter>Object Libraries</Filter>
    </Object>
    <Object Include="$(Platform)\$(Configuration)\buffer_dec.obj">
      <Filter>Object Libraries</Filter>
    </Object>
    <Object Include="$(Platform)\$(Configuration)\config_enc.obj">
      <Filter>Object Libraries</Filter>
    </Object>
    <Object Include="$(Platform)\$(Configuration)\cost.obj">
      <Filter>Object Libraries</Filter>
    </Object>
    <Object Include="$(Platform)\$(Configuration)\cost_enc.obj">
      <Filter>Object Libraries</Filter>
    </Object>
    <Object Include="$(Platform)\$(Configuration)\cost_mips_dsp_r2.obj">
      <Filter>Object Libraries</Filter>
    </Object>
    <Object Include="$(Platform)\$(Configuration)\cost_mips32.obj">
      <Filter>Object Libraries</Filter>
    </Object>
    <Object Include="$(Platform)\$(Configuration)\cost_neon.obj">
      <Filter>Object Libraries</Filter>
    </Object>
    <Object Include="$(Platform)\$(Configuration)\cost_sse2.obj">
      <Filter>Object Libraries</Filter>
    </Object>
    <Object Include="$(Platform)\$(Configuration)\cpu.obj">
      <Filter>Object Libraries</Filter>
    </Object>
    <Object Include="$(Platform)\$(Configuration)\dec.obj">
      <Filter>Object Libraries</Filter>
    </Object>
    <Object Include="$(Platform)\$(Configuration)\dec_clip_tables.obj">
      <Filter>Object Libraries</Filter>
    </Object>
    <Object Include="$(Platform)\$(Configuration)\dec_mips_dsp_r2.obj">
      <Filter>Object Libraries</Filter>
    </Object>
    <Object Include="$(Platform)\$(Configuration)\dec_mips32.obj">
      <Filter>Object Libraries</Filter>
    </Object>
    <Object Include="$(Platform)\$(Configuration)\dec_msa.obj">
      <Filter>Object Libraries</Filter>
    </Object>
    <Object Include="$(Platform)\$(Configuration)\dec_neon.obj">
      <Filter>Object Libraries</Filter>
    </Object>
    <Object Include="$(Platform)\$(Configuration)\dec_sse2.obj">
      <Filter>Object Libraries</Filter>
    </Object>
    <Object Include="$(Platform)\$(Configuration)\dec_sse41.obj">
      <Filter>Object Libraries</Filter>
    </Object>
    <Object Include="$(Platform)\$(Configuration)\enc.obj">
      <Filter>Object Libraries</Filter>
    </Object>
    <Object Include="$(Platform)\$(Configuration)\enc_mips_dsp_r2.obj">
      <Filter>Object Libraries</Filter>
    </Object>
    <Object Include="$(Platform)\$(Configuration)\enc_mips32.obj">
      <Filter>Object Libraries</Filter>
    </Object>
    <Object Include="$(Platform)\$(Configuration)\enc_msa.obj">
      <Filter>Object Libraries</Filter>
    </Object>
    <Object Include="$(Platform)\$(Configuration)\enc_neon.obj">
      <Filter>Object Libraries</Filter>
    </Object>
    <Object Include="$(Platform)\$(Configuration)\enc_sse2.obj">
      <Filter>Object Libraries</Filter>
    </Object>
    <Object Include="$(Platform)\$(Configuration)\enc_sse41.obj">
      <Filter>Object Libraries</Filter>
    </Object>
    <Object Include="$(Platform)\$(Configuration)\filter_enc.obj">
      <Filter>Object Libraries</Filter>
    </Object>
    <Object Include="$(Platform)\$(Configuration)\filters.obj">
      <Filter>Object Libraries</Filter>
    </Object>
    <Object Include="$(Platform)\$(Configuration)\filters_mips_dsp_r2.obj">
      <Filter>Object Libraries</Filter>
    </Object>
    <Object Include="$(Platform)\$(Configuration)\filters_msa.obj">
      <Filter>Object Libraries</Filter>
    </Object>
    <Object Include="$(Platform)\$(Configuration)\filters_neon.obj">
      <Filter>Object Libraries</Filter>
    </Object>
    <Object Include="$(Platform)\$(Configuration)\filters_sse2.obj">
      <Filter>Object Libraries</Filter>
    </Object>
    <Object Include="$(Platform)\$(Configuration)\frame_dec.obj">
      <Filter>Object Libraries</Filter>
    </Object>
    <Object Include="$(Platform)\$(Configuration)\frame_enc.obj">
      <Filter>Object Libraries</Filter>
    </Object>
    <Object Include="$(Platform)\$(Configuration)\histogram_enc.obj">
      <Filter>Object Libraries</Filter>
    </Object>
    <Object Include="$(Platform)\$(Configuration)\idec_dec.obj">
      <Filter>Object Libraries</Filter>
    </Object>
    <Object Include="$(Platform)\$(Configuration)\io_dec.obj">
      <Filter>Object Libraries</Filter>
    </Object>
    <Object Include="$(Platform)\$(Configuration)\iterator_enc.obj">
      <Filter>Object Libraries</Filter>
    </Object>
    <Object Include="$(Platform)\$(Configuration)\lossless.obj">
      <Filter>Object Libraries</Filter>
    </Object>
    <Object Include="$(Platform)\$(Configuration)\lossless_avx2.obj">
      <Filter>Object Libraries</Filter>
    </Object>
    <Object Include="$(Platform)\$(Configuration)\lossless_enc.obj">
      <Filter>Object Libraries</Filter>
    </Object>
    <Object Include="$(Platform)\$(Configuration)\lossless_enc_avx2.obj">
      <Filter>Object Libraries</Filter>
    </Object>
    <Object Include="$(Platform)\$(Configuration)\lossless_enc_mips_dsp_r2.obj">
      <Filter>Object Libraries</Filter>
    </Object>
    <Object Include="$(Platform)\$(Configuration)\lossless_enc_mips32.obj">
      <Filter>Object Libraries</Filter>
    </Object>
    <Object Include="$(Platform)\$(Configuration)\lossless_enc_msa.obj">
      <Filter>Object Libraries</Filter>
    </Object>
    <Object Include="$(Platform)\$(Configuration)\lossless_enc_neon.obj">
      <Filter>Object Libraries</Filter>
    </Object>
    <Object Include="$(Platform)\$(Configuration)\lossless_enc_sse2.obj">
      <Filter>Object Libraries</Filter>
    </Object>
    <Object Include="$(Platform)\$(Configuration)\lossless_enc_sse41.obj">
      <Filter>Object Libraries</Filter>
    </Object>
    <Object Include="$(Platform)\$(Configuration)\lossless_mips_dsp_r2.obj">
      <Filter>Object Libraries</Filter>
    </Object>
    <Object Include="$(Platform)\$(Configuration)\lossless_msa.obj">
      <Filter>Object Libraries</Filter>
    </Object>
    <Object Include="$(Platform)\$(Configuration)\lossless_neon.obj">
      <Filter>Object Libraries</Filter>
    </Object>
    <Object Include="$(Platform)\$(Configuration)\lossless_sse2.obj">
      <Filter>Object Libraries</Filter>
    </Object>
    <Object Include="$(Platform)\$(Configuration)\lossless_sse41.obj">
      <Filter>Object Libraries</Filter>
    </Object>
    <Object Include="$(Platform)\$(Configuration)\near_lossless_enc.obj">
      <Filter>Object Libraries</Filter>
    </Object>
    <Object Include="$(Platform)\$(Configuration)\picture_csp_enc.obj">
      <Filter>Object Libraries</Filter>
    </Object>
    <Object Include="$(Platform)\$(Configuration)\picture_enc.obj">
      <Filter>Object Libraries</Filter>
    </Object>
    <Object Include="$(Platform)\$(Configuration)\picture_psnr_enc.obj">
      <Filter>Object Libraries</Filter>
    </Object>
    <Object Include="$(Platform)\$(Configuration)\picture_rescale_enc.obj">
      <Filter>Object Libraries</Filter>
    </Object>
    <Object Include="$(Platform)\$(Configuration)\picture_tools_enc.obj">
      <Filter>Object Libraries</Filter>
    </Object>
    <Object Include="$(Platform)\$(Configuration)\predictor_enc.obj">
      <Filter>Object Libraries</Filter>
    </Object>
    <Object Include="$(Platform)\$(Configuration)\quant_dec.obj">
      <Filter>Object Libraries</Filter>
    </Object>
    <Object Include="$(Platform)\$(Configuration)\quant_enc.obj">
      <Filter>Object Libraries</Filter>
    </Object>
    <Object Include="$(Platform)\$(Configuration)\rescaler.obj">
      <Filter>Object Libraries</Filter>
    </Object>
    <Object Include="$(Platform)\$(Configuration)\rescaler_mips_dsp_r2.obj">
      <Filter>Object Libraries</Filter>
    </Object>
    <Object Include="$(Platform)\$(Configuration)\rescaler_mips32.obj">
      <Filter>Object Libraries</Filter>
    </Object>
    <Object Include="$(Platform)\$(Configuration)\rescaler_msa.obj">
      <Filter>Object Libraries</Filter>
    </Object>
    <Object Include="$(Platform)\$(Configuration)\rescaler_neon.obj">
      <Filter>Object Libraries</Filter>
    </Object>
    <Object Include="$(Platform)\$(Configuration)\rescaler_sse2.obj">
      <Filter>Object Libraries</Filter>
    </Object>
    <Object Include="$(Platform)\$(Configuration)\ssim.obj">
      <Filter>Object Libraries</Filter>
    </Object>
    <Object Include="$(Platform)\$(Configuration)\ssim_sse2.obj">
      <Filter>Object Libraries</Filter>
    </Object>
    <Object Include="$(Platform)\$(Configuration)\syntax_enc.obj">
      <Filter>Object Libraries</Filter>
    </Object>
    <Object Include="$(Platform)\$(Configuration)\token_enc.obj">
      <Filter>Object Libraries</Filter>
    </Object>
    <Object Include="$(Platform)\$(Configuration)\tree_dec.obj">
      <Filter>Object Libraries</Filter>
    </Object>
    <Object Include="$(Platform)\$(Configuration)\tree_enc.obj">
      <Filter>Object Libraries</Filter>
    </Object>
    <Object Include="$(Platform)\$(Configuration)\upsampling.obj">
      <Filter>Object Libraries</Filter>
    </Object>
    <Object Include="$(Platform)\$(Configuration)\upsampling_mips_dsp_r2.obj">
      <Filter>Object Libraries</Filter>
    </Object>
    <Object Include="$(Platform)\$(Configuration)\upsampling_msa.obj">
      <Filter>Object Libraries</Filter>
    </Object>
    <Object Include="$(Platform)\$(Configuration)\upsampling_neon.obj">
      <Filter>Object Libraries</Filter>
    </Object>
    <Object Include="$(Platform)\$(Configuration)\upsampling_sse2.obj">
      <Filter>Object Libraries</Filter>
    </Object>
    <Object Include="$(Platform)\$(Configuration)\upsampling_sse41.obj">
      <Filter>Object Libraries</Filter>
    </Object>
    <Object Include="$(Platform)\$(Configuration)\vp8_dec.obj">
      <Filter>Object Libraries</Filter>
    </Object>
    <Object Include="$(Platform)\$(Configuration)\vp8l_dec.obj">
      <Filter>Object Libraries</Filter>
    </Object>
    <Object Include="$(Platform)\$(Configuration)\vp8l_enc.obj">
      <Filter>Object Libraries</Filter>
    </Object>
    <Object Include="$(Platform)\$(Configuration)\webp_dec.obj">
      <Filter>Object Libraries</Filter>
    </Object>
    <Object Include="$(Platform)\$(Configuration)\webp_enc.obj">
      <Filter>Object Libraries</Filter>
    </Object>
    <Object Include="$(Platform)\$(Configuration)\yuv.obj">
      <Filter>Object Libraries</Filter>
    </Object>
    <Object Include="$(Platform)\$(Configuration)\yuv_mips_dsp_r2.obj">
      <Filter>Object Libraries</Filter>
    </Object>
    <Object Include="$(Platform)\$(Configuration)\yuv_mips32.obj">
      <Filter>Object Libraries</Filter>
    </Object>
    <Object Include="$(Platform)\$(Configuration)\yuv_neon.obj">
      <Filter>Object Libraries</Filter>
    </Object>
    <Object Include="$(Platform)\$(Configuration)\yuv_sse2.obj">
      <Filter>Object Libraries</Filter>
    </Object>
    <Object Include="$(Platform)\$(Configuration)\yuv_sse41.obj">
      <Filter>Object Libraries</Filter>
    </Object>
    <Object Include="$(Platform)\$(Configuration)\bit_reader_utils.obj">
      <Filter>Object Libraries</Filter>
    </Object>
    <Object Include="$(Platform)\$(Configuration)\bit_writer_utils.obj">
      <Filter>Object Libraries</Filter>
    </Object>
    <Object Include="$(Platform)\$(Configuration)\color_cache_utils.obj">
      <Filter>Object Libraries</Filter>
    </Object>
    <Object Include="$(Platform)\$(Configuration)\filters_utils.obj">
      <Filter>Object Libraries</Filter>
    </Object>
    <Object Include="$(Platform)\$(Configuration)\huffman_encode_utils.obj">
      <Filter>Object Libraries</Filter>
    </Object>
    <Object Include="$(Platform)\$(Configuration)\huffman_utils.obj">
      <Filter>Object Libraries</Filter>
    </Object>
    <Object Include="$(Platform)\$(Configuration)\palette.obj">
      <Filter>Object Libraries</Filter>
    </Object>
    <Object Include="$(Platform)\$(Configuration)\quant_levels_dec_utils.obj">
      <Filter>Object Libraries</Filter>
    </Object>
    <Object Include="$(Platform)\$(Configuration)\quant_levels_utils.obj">
      <Filter>Object Libraries</Filter>
    </Object>
    <Object Include="$(Platform)\$(Configuration)\random_utils.obj">
      <Filter>Object Libraries</Filter>
    </Object>
    <Object Include="$(Platform)\$(Configuration)\rescaler_utils.obj">
      <Filter>Object Libraries</Filter>
    </Object>
    <Object Include="$(Platform)\$(Configuration)\thread_utils.obj">
      <Filter>Object Libraries</Filter>
    </Object>
    <Object Include="$(Platform)\$(Configuration)\utils.obj">
      <Filter>Object Libraries</Filter>
    </Object>
  </ItemGroup>
  <ItemGroup>
    <Filter Include="Object Libraries">
      <UniqueIdentifier>{A24A79A7-BFD7-34FD-85DB-97C57EE07221}</UniqueIdentifier>
    </Filter>
  </ItemGroup>
</Project>