<?xml version="1.0" encoding="utf-8"?>
<Project ToolsVersion="15.0" xmlns="http://schemas.microsoft.com/developer/msbuild/2003">
  <ItemGroup>
    <ClCompile Include="../src\enc\alpha_enc.c">
      <Filter>Source Files</Filter>
    </ClCompile>
    <ClCompile Include="../src\enc\analysis_enc.c">
      <Filter>Source Files</Filter>
    </ClCompile>
    <ClCompile Include="../src\enc\backward_references_cost_enc.c">
      <Filter>Source Files</Filter>
    </ClCompile>
    <ClCompile Include="../src\enc\backward_references_enc.c">
      <Filter>Source Files</Filter>
    </ClCompile>
    <ClCompile Include="../src\enc\config_enc.c">
      <Filter>Source Files</Filter>
    </ClCompile>
    <ClCompile Include="../src\enc\cost_enc.c">
      <Filter>Source Files</Filter>
    </ClCompile>
    <ClCompile Include="../src\enc\filter_enc.c">
      <Filter>Source Files</Filter>
    </ClCompile>
    <ClCompile Include="../src\enc\frame_enc.c">
      <Filter>Source Files</Filter>
    </ClCompile>
    <ClCompile Include="../src\enc\histogram_enc.c">
      <Filter>Source Files</Filter>
    </ClCompile>
    <ClCompile Include="../src\enc\iterator_enc.c">
      <Filter>Source Files</Filter>
    </ClCompile>
    <ClCompile Include="../src\enc\near_lossless_enc.c">
      <Filter>Source Files</Filter>
    </ClCompile>
    <ClCompile Include="../src\enc\picture_csp_enc.c">
      <Filter>Source Files</Filter>
    </ClCompile>
    <ClCompile Include="../src\enc\picture_enc.c">
      <Filter>Source Files</Filter>
    </ClCompile>
    <ClCompile Include="../src\enc\picture_psnr_enc.c">
      <Filter>Source Files</Filter>
    </ClCompile>
    <ClCompile Include="../src\enc\picture_rescale_enc.c">
      <Filter>Source Files</Filter>
    </ClCompile>
    <ClCompile Include="../src\enc\picture_tools_enc.c">
      <Filter>Source Files</Filter>
    </ClCompile>
    <ClCompile Include="../src\enc\predictor_enc.c">
      <Filter>Source Files</Filter>
    </ClCompile>
    <ClCompile Include="../src\enc\quant_enc.c">
      <Filter>Source Files</Filter>
    </ClCompile>
    <ClCompile Include="../src\enc\syntax_enc.c">
      <Filter>Source Files</Filter>
    </ClCompile>
    <ClCompile Include="../src\enc\token_enc.c">
      <Filter>Source Files</Filter>
    </ClCompile>
    <ClCompile Include="../src\enc\tree_enc.c">
      <Filter>Source Files</Filter>
    </ClCompile>
    <ClCompile Include="../src\enc\vp8l_enc.c">
      <Filter>Source Files</Filter>
    </ClCompile>
    <ClCompile Include="../src\enc\webp_enc.c">
      <Filter>Source Files</Filter>
    </ClCompile>
  </ItemGroup>
  <ItemGroup>
    <ClInclude Include="../src\enc\backward_references_enc.h">
      <Filter>Header Files</Filter>
    </ClInclude>
    <ClInclude Include="../src\enc\cost_enc.h">
      <Filter>Header Files</Filter>
    </ClInclude>
    <ClInclude Include="../src\enc\histogram_enc.h">
      <Filter>Header Files</Filter>
    </ClInclude>
    <ClInclude Include="../src\enc\vp8i_enc.h">
      <Filter>Header Files</Filter>
    </ClInclude>
    <ClInclude Include="../src\enc\vp8li_enc.h">
      <Filter>Header Files</Filter>
    </ClInclude>
  </ItemGroup>
  <ItemGroup>
    <Filter Include="Header Files">
      <UniqueIdentifier>{9F1FC4BA-855E-30CC-B396-D8FC26B13420}</UniqueIdentifier>
    </Filter>
    <Filter Include="Source Files">
      <UniqueIdentifier>{DEE8D001-CA15-3F29-800C-FE1CACF43E21}</UniqueIdentifier>
    </Filter>
  </ItemGroup>
</Project>