<?xml version="1.0" encoding="utf-8"?>
<Project ToolsVersion="15.0" xmlns="http://schemas.microsoft.com/developer/msbuild/2003">
  <ItemGroup>
    <Filter Include="Header Files">
      <UniqueIdentifier>{9F1FC4BA-855E-30CC-B396-D8FC26B13420}</UniqueIdentifier>
    </Filter>
    <Filter Include="Source Files">
      <UniqueIdentifier>{DEE8D001-CA15-3F29-800C-FE1CACF43E21}</UniqueIdentifier>
    </Filter>
  </ItemGroup>
  <ItemGroup>
    <ClInclude Include="..\src\dec\alphai_dec.h">
      <Filter>Header Files</Filter>
    </ClInclude>
    <ClInclude Include="..\src\dec\common_dec.h">
      <Filter>Header Files</Filter>
    </ClInclude>
    <ClInclude Include="..\src\dec\vp8_dec.h">
      <Filter>Header Files</Filter>
    </ClInclude>
    <ClInclude Include="..\src\dec\vp8i_dec.h">
      <Filter>Header Files</Filter>
    </ClInclude>
    <ClInclude Include="..\src\dec\vp8li_dec.h">
      <Filter>Header Files</Filter>
    </ClInclude>
    <ClInclude Include="..\src\dec\webpi_dec.h">
      <Filter>Header Files</Filter>
    </ClInclude>
  </ItemGroup>
  <ItemGroup>
    <ClCompile Include="..\src\dec\alpha_dec.c">
      <Filter>Source Files</Filter>
    </ClCompile>
    <ClCompile Include="..\src\dec\buffer_dec.c">
      <Filter>Source Files</Filter>
    </ClCompile>
    <ClCompile Include="..\src\dec\frame_dec.c">
      <Filter>Source Files</Filter>
    </ClCompile>
    <ClCompile Include="..\src\dec\idec_dec.c">
      <Filter>Source Files</Filter>
    </ClCompile>
    <ClCompile Include="..\src\dec\io_dec.c">
      <Filter>Source Files</Filter>
    </ClCompile>
    <ClCompile Include="..\src\dec\quant_dec.c">
      <Filter>Source Files</Filter>
    </ClCompile>
    <ClCompile Include="..\src\dec\tree_dec.c">
      <Filter>Source Files</Filter>
    </ClCompile>
    <ClCompile Include="..\src\dec\vp8_dec.c">
      <Filter>Source Files</Filter>
    </ClCompile>
    <ClCompile Include="..\src\dec\vp8l_dec.c">
      <Filter>Source Files</Filter>
    </ClCompile>
    <ClCompile Include="..\src\dec\webp_dec.c">
      <Filter>Source Files</Filter>
    </ClCompile>
  </ItemGroup>
</Project>