<?xml version="1.0" encoding="utf-8"?>
<Project ToolsVersion="15.0" xmlns="http://schemas.microsoft.com/developer/msbuild/2003">
  <ItemGroup>
    <Object Include="$(Platform)\$(Configuration)\alpha_dec.obj" />
    <Object Include="$(Platform)\$(Configuration)\buffer_dec.obj" />
    <Object Include="$(Platform)\$(Configuration)\frame_dec.obj" />
    <Object Include="$(Platform)\$(Configuration)\idec_dec.obj" />
    <Object Include="$(Platform)\$(Configuration)\io_dec.obj" />
    <Object Include="$(Platform)\$(Configuration)\quant_dec.obj" />
    <Object Include="$(Platform)\$(Configuration)\tree_dec.obj" />
    <Object Include="$(Platform)\$(Configuration)\vp8_dec.obj" />
    <Object Include="$(Platform)\$(Configuration)\vp8l_dec.obj" />
    <Object Include="$(Platform)\$(Configuration)\webp_dec.obj" />
    <Object Include="$(Platform)\$(Configuration)\alpha_processing.obj" />
    <Object Include="$(Platform)\$(Configuration)\cpu.obj" />
    <Object Include="$(Platform)\$(Configuration)\dec.obj" />
    <Object Include="$(Platform)\$(Configuration)\dec_clip_tables.obj" />
    <Object Include="$(Platform)\$(Configuration)\filters.obj" />
    <Object Include="$(Platform)\$(Configuration)\lossless.obj" />
    <Object Include="$(Platform)\$(Configuration)\rescaler.obj" />
    <Object Include="$(Platform)\$(Configuration)\upsampling.obj" />
    <Object Include="$(Platform)\$(Configuration)\yuv.obj" />
    <Object Include="$(Platform)\$(Configuration)\lossless_avx2.obj" />
    <Object Include="$(Platform)\$(Configuration)\alpha_processing_sse41.obj" />
    <Object Include="$(Platform)\$(Configuration)\dec_sse41.obj" />
    <Object Include="$(Platform)\$(Configuration)\lossless_sse41.obj" />
    <Object Include="$(Platform)\$(Configuration)\upsampling_sse41.obj" />
    <Object Include="$(Platform)\$(Configuration)\yuv_sse41.obj" />
    <Object Include="$(Platform)\$(Configuration)\alpha_processing_sse2.obj" />
    <Object Include="$(Platform)\$(Configuration)\dec_sse2.obj" />
    <Object Include="$(Platform)\$(Configuration)\filters_sse2.obj" />
    <Object Include="$(Platform)\$(Configuration)\lossless_sse2.obj" />
    <Object Include="$(Platform)\$(Configuration)\rescaler_sse2.obj" />
    <Object Include="$(Platform)\$(Configuration)\upsampling_sse2.obj" />
    <Object Include="$(Platform)\$(Configuration)\yuv_sse2.obj" />
    <Object Include="$(Platform)\$(Configuration)\alpha_processing_neon.obj" />
    <Object Include="$(Platform)\$(Configuration)\dec_neon.obj" />
    <Object Include="$(Platform)\$(Configuration)\filters_neon.obj" />
    <Object Include="$(Platform)\$(Configuration)\lossless_neon.obj" />
    <Object Include="$(Platform)\$(Configuration)\rescaler_neon.obj" />
    <Object Include="$(Platform)\$(Configuration)\upsampling_neon.obj" />
    <Object Include="$(Platform)\$(Configuration)\yuv_neon.obj" />
    <Object Include="$(Platform)\$(Configuration)\dec_msa.obj" />
    <Object Include="$(Platform)\$(Configuration)\filters_msa.obj" />
    <Object Include="$(Platform)\$(Configuration)\lossless_msa.obj" />
    <Object Include="$(Platform)\$(Configuration)\rescaler_msa.obj" />
    <Object Include="$(Platform)\$(Configuration)\upsampling_msa.obj" />
    <Object Include="$(Platform)\$(Configuration)\dec_mips32.obj" />
    <Object Include="$(Platform)\$(Configuration)\rescaler_mips32.obj" />
    <Object Include="$(Platform)\$(Configuration)\yuv_mips32.obj" />
    <Object Include="$(Platform)\$(Configuration)\alpha_processing_mips_dsp_r2.obj" />
    <Object Include="$(Platform)\$(Configuration)\dec_mips_dsp_r2.obj" />
    <Object Include="$(Platform)\$(Configuration)\filters_mips_dsp_r2.obj" />
    <Object Include="$(Platform)\$(Configuration)\lossless_mips_dsp_r2.obj" />
    <Object Include="$(Platform)\$(Configuration)\rescaler_mips_dsp_r2.obj" />
    <Object Include="$(Platform)\$(Configuration)\upsampling_mips_dsp_r2.obj" />
    <Object Include="$(Platform)\$(Configuration)\yuv_mips_dsp_r2.obj" />
    <Object Include="$(Platform)\$(Configuration)\bit_reader_utils.obj" />
    <Object Include="$(Platform)\$(Configuration)\color_cache_utils.obj" />
    <Object Include="$(Platform)\$(Configuration)\filters_utils.obj" />
    <Object Include="$(Platform)\$(Configuration)\huffman_utils.obj" />
    <Object Include="$(Platform)\$(Configuration)\palette.obj" />
    <Object Include="$(Platform)\$(Configuration)\quant_levels_dec_utils.obj" />
    <Object Include="$(Platform)\$(Configuration)\rescaler_utils.obj" />
    <Object Include="$(Platform)\$(Configuration)\random_utils.obj" />
    <Object Include="$(Platform)\$(Configuration)\thread_utils.obj" />
    <Object Include="$(Platform)\$(Configuration)\utils.obj" />
  </ItemGroup>
  <ItemGroup>
    <Filter Include="Object Libraries">
      <UniqueIdentifier>{A24A79A7-BFD7-34FD-85DB-97C57EE07221}</UniqueIdentifier>
    </Filter>
  </ItemGroup>
</Project>