<?xml version="1.0" encoding="utf-8"?>
<Project ToolsVersion="15.0" xmlns="http://schemas.microsoft.com/developer/msbuild/2003">
  <ItemGroup>
    <ClCompile Include="..\src\dsp\alpha_processing.c">
      <Filter>Source Files</Filter>
    </ClCompile>
    <ClCompile Include="..\src\dsp\cpu.c">
      <Filter>Source Files</Filter>
    </ClCompile>
    <ClCompile Include="..\src\dsp\dec.c">
      <Filter>Source Files</Filter>
    </ClCompile>
    <ClCompile Include="..\src\dsp\dec_clip_tables.c">
      <Filter>Source Files</Filter>
    </ClCompile>
    <ClCompile Include="..\src\dsp\filters.c">
      <Filter>Source Files</Filter>
    </ClCompile>
    <ClCompile Include="..\src\dsp\lossless.c">
      <Filter>Source Files</Filter>
    </ClCompile>
    <ClCompile Include="..\src\dsp\rescaler.c">
      <Filter>Source Files</Filter>
    </ClCompile>
    <ClCompile Include="..\src\dsp\upsampling.c">
      <Filter>Source Files</Filter>
    </ClCompile>
    <ClCompile Include="..\src\dsp\yuv.c">
      <Filter>Source Files</Filter>
    </ClCompile>
    <ClCompile Include="..\src\dsp\lossless_avx2.c">
      <Filter>Source Files</Filter>
    </ClCompile>
    <ClCompile Include="..\src\dsp\alpha_processing_sse41.c">
      <Filter>Source Files</Filter>
    </ClCompile>
    <ClCompile Include="..\src\dsp\dec_sse41.c">
      <Filter>Source Files</Filter>
    </ClCompile>
    <ClCompile Include="..\src\dsp\lossless_sse41.c">
      <Filter>Source Files</Filter>
    </ClCompile>
    <ClCompile Include="..\src\dsp\upsampling_sse41.c">
      <Filter>Source Files</Filter>
    </ClCompile>
    <ClCompile Include="..\src\dsp\yuv_sse41.c">
      <Filter>Source Files</Filter>
    </ClCompile>
    <ClCompile Include="..\src\dsp\alpha_processing_sse2.c">
      <Filter>Source Files</Filter>
    </ClCompile>
    <ClCompile Include="..\src\dsp\dec_sse2.c">
      <Filter>Source Files</Filter>
    </ClCompile>
    <ClCompile Include="..\src\dsp\filters_sse2.c">
      <Filter>Source Files</Filter>
    </ClCompile>
    <ClCompile Include="..\src\dsp\lossless_sse2.c">
      <Filter>Source Files</Filter>
    </ClCompile>
    <ClCompile Include="..\src\dsp\rescaler_sse2.c">
      <Filter>Source Files</Filter>
    </ClCompile>
    <ClCompile Include="..\src\dsp\upsampling_sse2.c">
      <Filter>Source Files</Filter>
    </ClCompile>
    <ClCompile Include="..\src\dsp\yuv_sse2.c">
      <Filter>Source Files</Filter>
    </ClCompile>
    <ClCompile Include="..\src\dsp\alpha_processing_neon.c">
      <Filter>Source Files</Filter>
    </ClCompile>
    <ClCompile Include="..\src\dsp\dec_neon.c">
      <Filter>Source Files</Filter>
    </ClCompile>
    <ClCompile Include="..\src\dsp\filters_neon.c">
      <Filter>Source Files</Filter>
    </ClCompile>
    <ClCompile Include="..\src\dsp\lossless_neon.c">
      <Filter>Source Files</Filter>
    </ClCompile>
    <ClCompile Include="..\src\dsp\rescaler_neon.c">
      <Filter>Source Files</Filter>
    </ClCompile>
    <ClCompile Include="..\src\dsp\upsampling_neon.c">
      <Filter>Source Files</Filter>
    </ClCompile>
    <ClCompile Include="..\src\dsp\yuv_neon.c">
      <Filter>Source Files</Filter>
    </ClCompile>
    <ClCompile Include="..\src\dsp\dec_msa.c">
      <Filter>Source Files</Filter>
    </ClCompile>
    <ClCompile Include="..\src\dsp\filters_msa.c">
      <Filter>Source Files</Filter>
    </ClCompile>
    <ClCompile Include="..\src\dsp\lossless_msa.c">
      <Filter>Source Files</Filter>
    </ClCompile>
    <ClCompile Include="..\src\dsp\rescaler_msa.c">
      <Filter>Source Files</Filter>
    </ClCompile>
    <ClCompile Include="..\src\dsp\upsampling_msa.c">
      <Filter>Source Files</Filter>
    </ClCompile>
    <ClCompile Include="..\src\dsp\dec_mips32.c">
      <Filter>Source Files</Filter>
    </ClCompile>
    <ClCompile Include="..\src\dsp\rescaler_mips32.c">
      <Filter>Source Files</Filter>
    </ClCompile>
    <ClCompile Include="..\src\dsp\yuv_mips32.c">
      <Filter>Source Files</Filter>
    </ClCompile>
    <ClCompile Include="..\src\dsp\alpha_processing_mips_dsp_r2.c">
      <Filter>Source Files</Filter>
    </ClCompile>
    <ClCompile Include="..\src\dsp\dec_mips_dsp_r2.c">
      <Filter>Source Files</Filter>
    </ClCompile>
    <ClCompile Include="..\src\dsp\filters_mips_dsp_r2.c">
      <Filter>Source Files</Filter>
    </ClCompile>
    <ClCompile Include="..\src\dsp\lossless_mips_dsp_r2.c">
      <Filter>Source Files</Filter>
    </ClCompile>
    <ClCompile Include="..\src\dsp\rescaler_mips_dsp_r2.c">
      <Filter>Source Files</Filter>
    </ClCompile>
    <ClCompile Include="..\src\dsp\upsampling_mips_dsp_r2.c">
      <Filter>Source Files</Filter>
    </ClCompile>
    <ClCompile Include="..\src\dsp\yuv_mips_dsp_r2.c">
      <Filter>Source Files</Filter>
    </ClCompile>
  </ItemGroup>
  <ItemGroup>
    <ClInclude Include="..\src\dsp\cpu.h">
      <Filter>Header Files</Filter>
    </ClInclude>
    <ClInclude Include="..\src\dsp\dsp.h">
      <Filter>Header Files</Filter>
    </ClInclude>
    <ClInclude Include="..\src\dsp\lossless.h">
      <Filter>Header Files</Filter>
    </ClInclude>
    <ClInclude Include="..\src\dsp\lossless_common.h">
      <Filter>Header Files</Filter>
    </ClInclude>
    <ClInclude Include="..\src\dsp\yuv.h">
      <Filter>Header Files</Filter>
    </ClInclude>
    <ClInclude Include="..\src\dsp\common_sse2.h">
      <Filter>Header Files</Filter>
    </ClInclude>
    <ClInclude Include="..\src\dsp\neon.h">
      <Filter>Header Files</Filter>
    </ClInclude>
    <ClInclude Include="..\src\dsp\msa_macro.h">
      <Filter>Header Files</Filter>
    </ClInclude>
    <ClInclude Include="..\src\dsp\mips_macro.h">
      <Filter>Header Files</Filter>
    </ClInclude>
  </ItemGroup>
  <ItemGroup>
    <Filter Include="Header Files">
      <UniqueIdentifier>{9F1FC4BA-855E-30CC-B396-D8FC26B13420}</UniqueIdentifier>
    </Filter>
    <Filter Include="Source Files">
      <UniqueIdentifier>{DEE8D001-CA15-3F29-800C-FE1CACF43E21}</UniqueIdentifier>
    </Filter>
  </ItemGroup>
</Project>