<?xml version="1.0" encoding="utf-8"?>
<Project ToolsVersion="15.0" xmlns="http://schemas.microsoft.com/developer/msbuild/2003">
  <ItemGroup>
    <Object Include="$(Platform)\$(Configuration)\webpdecode\alpha_dec.obj">
      <Filter>Object Libraries</Filter>
    </Object>
    <Object Include="$(Platform)\$(Configuration)\webpdspdecode\alpha_processing.obj">
      <Filter>Object Libraries</Filter>
    </Object>
    <Object Include="$(Platform)\$(Configuration)\webpdspdecode\alpha_processing_mips_dsp_r2.obj">
      <Filter>Object Libraries</Filter>
    </Object>
    <Object Include="$(Platform)\$(Configuration)\webpdspdecode\alpha_processing_neon.obj">
      <Filter>Object Libraries</Filter>
    </Object>
    <Object Include="$(Platform)\$(Configuration)\webpdspdecode\alpha_processing_sse2.obj">
      <Filter>Object Libraries</Filter>
    </Object>
    <Object Include="$(Platform)\$(Configuration)\webpdspdecode\alpha_processing_sse41.obj">
      <Filter>Object Libraries</Filter>
    </Object>
    <Object Include="$(Platform)\$(Configuration)\webputilsdecode\bit_reader_utils.obj">
      <Filter>Object Libraries</Filter>
    </Object>
    <Object Include="$(Platform)\$(Configuration)\webpdecode\buffer_dec.obj">
      <Filter>Object Libraries</Filter>
    </Object>
    <Object Include="$(Platform)\$(Configuration)\webputilsdecode\color_cache_utils.obj">
      <Filter>Object Libraries</Filter>
    </Object>
    <Object Include="$(Platform)\$(Configuration)\webpdspdecode\cpu.obj">
      <Filter>Object Libraries</Filter>
    </Object>
    <Object Include="$(Platform)\$(Configuration)\webpdspdecode\dec.obj">
      <Filter>Object Libraries</Filter>
    </Object>
    <Object Include="$(Platform)\$(Configuration)\webpdspdecode\dec_clip_tables.obj">
      <Filter>Object Libraries</Filter>
    </Object>
    <Object Include="$(Platform)\$(Configuration)\webpdspdecode\dec_mips_dsp_r2.obj">
      <Filter>Object Libraries</Filter>
    </Object>
    <Object Include="$(Platform)\$(Configuration)\webpdspdecode\dec_mips32.obj">
      <Filter>Object Libraries</Filter>
    </Object>
    <Object Include="$(Platform)\$(Configuration)\webpdspdecode\dec_msa.obj">
      <Filter>Object Libraries</Filter>
    </Object>
    <Object Include="$(Platform)\$(Configuration)\webpdspdecode\dec_neon.obj">
      <Filter>Object Libraries</Filter>
    </Object>
    <Object Include="$(Platform)\$(Configuration)\webpdspdecode\dec_sse2.obj">
      <Filter>Object Libraries</Filter>
    </Object>
    <Object Include="$(Platform)\$(Configuration)\webpdspdecode\dec_sse41.obj">
      <Filter>Object Libraries</Filter>
    </Object>
    <Object Include="$(Platform)\$(Configuration)\webpdspdecode\filters.obj">
      <Filter>Object Libraries</Filter>
    </Object>
    <Object Include="$(Platform)\$(Configuration)\webpdspdecode\filters_mips_dsp_r2.obj">
      <Filter>Object Libraries</Filter>
    </Object>
    <Object Include="$(Platform)\$(Configuration)\webpdspdecode\filters_msa.obj">
      <Filter>Object Libraries</Filter>
    </Object>
    <Object Include="$(Platform)\$(Configuration)\webpdspdecode\filters_neon.obj">
      <Filter>Object Libraries</Filter>
    </Object>
    <Object Include="$(Platform)\$(Configuration)\webpdspdecode\filters_sse2.obj">
      <Filter>Object Libraries</Filter>
    </Object>
    <Object Include="$(Platform)\$(Configuration)\webputilsdecode\filters_utils.obj">
      <Filter>Object Libraries</Filter>
    </Object>
    <Object Include="$(Platform)\$(Configuration)\webpdecode\frame_dec.obj">
      <Filter>Object Libraries</Filter>
    </Object>
    <Object Include="$(Platform)\$(Configuration)\webputilsdecode\huffman_utils.obj">
      <Filter>Object Libraries</Filter>
    </Object>
    <Object Include="$(Platform)\$(Configuration)\webpdecode\idec_dec.obj">
      <Filter>Object Libraries</Filter>
    </Object>
    <Object Include="$(Platform)\$(Configuration)\webpdecode\io_dec.obj">
      <Filter>Object Libraries</Filter>
    </Object>
    <Object Include="$(Platform)\$(Configuration)\webpdspdecode\lossless.obj">
      <Filter>Object Libraries</Filter>
    </Object>
    <Object Include="$(Platform)\$(Configuration)\webpdspdecode\lossless_avx2.obj">
      <Filter>Object Libraries</Filter>
    </Object>
    <Object Include="$(Platform)\$(Configuration)\webpdspdecode\lossless_mips_dsp_r2.obj">
      <Filter>Object Libraries</Filter>
    </Object>
    <Object Include="$(Platform)\$(Configuration)\webpdspdecode\lossless_msa.obj">
      <Filter>Object Libraries</Filter>
    </Object>
    <Object Include="$(Platform)\$(Configuration)\webpdspdecode\lossless_neon.obj">
      <Filter>Object Libraries</Filter>
    </Object>
    <Object Include="$(Platform)\$(Configuration)\webpdspdecode\lossless_sse2.obj">
      <Filter>Object Libraries</Filter>
    </Object>
    <Object Include="$(Platform)\$(Configuration)\webpdspdecode\lossless_sse41.obj">
      <Filter>Object Libraries</Filter>
    </Object>
    <Object Include="$(Platform)\$(Configuration)\webputilsdecode\palette.obj">
      <Filter>Object Libraries</Filter>
    </Object>
    <Object Include="$(Platform)\$(Configuration)\webpdecode\quant_dec.obj">
      <Filter>Object Libraries</Filter>
    </Object>
    <Object Include="$(Platform)\$(Configuration)\webputilsdecode\quant_levels_dec_utils.obj">
      <Filter>Object Libraries</Filter>
    </Object>
    <Object Include="$(Platform)\$(Configuration)\webputilsdecode\random_utils.obj">
      <Filter>Object Libraries</Filter>
    </Object>
    <Object Include="$(Platform)\$(Configuration)\webpdspdecode\rescaler.obj">
      <Filter>Object Libraries</Filter>
    </Object>
    <Object Include="$(Platform)\$(Configuration)\webpdspdecode\rescaler_mips_dsp_r2.obj">
      <Filter>Object Libraries</Filter>
    </Object>
    <Object Include="$(Platform)\$(Configuration)\webpdspdecode\rescaler_mips32.obj">
      <Filter>Object Libraries</Filter>
    </Object>
    <Object Include="$(Platform)\$(Configuration)\webpdspdecode\rescaler_msa.obj">
      <Filter>Object Libraries</Filter>
    </Object>
    <Object Include="$(Platform)\$(Configuration)\webpdspdecode\rescaler_neon.obj">
      <Filter>Object Libraries</Filter>
    </Object>
    <Object Include="$(Platform)\$(Configuration)\webpdspdecode\rescaler_sse2.obj">
      <Filter>Object Libraries</Filter>
    </Object>
    <Object Include="$(Platform)\$(Configuration)\webputilsdecode\rescaler_utils.obj">
      <Filter>Object Libraries</Filter>
    </Object>
    <Object Include="$(Platform)\$(Configuration)\webputilsdecode\thread_utils.obj">
      <Filter>Object Libraries</Filter>
    </Object>
    <Object Include="$(Platform)\$(Configuration)\webpdecode\tree_dec.obj">
      <Filter>Object Libraries</Filter>
    </Object>
    <Object Include="$(Platform)\$(Configuration)\webpdspdecode\upsampling.obj">
      <Filter>Object Libraries</Filter>
    </Object>
    <Object Include="$(Platform)\$(Configuration)\webpdspdecode\upsampling_mips_dsp_r2.obj">
      <Filter>Object Libraries</Filter>
    </Object>
    <Object Include="$(Platform)\$(Configuration)\webpdspdecode\upsampling_msa.obj">
      <Filter>Object Libraries</Filter>
    </Object>
    <Object Include="$(Platform)\$(Configuration)\webpdspdecode\upsampling_neon.obj">
      <Filter>Object Libraries</Filter>
    </Object>
    <Object Include="$(Platform)\$(Configuration)\webpdspdecode\upsampling_sse2.obj">
      <Filter>Object Libraries</Filter>
    </Object>
    <Object Include="$(Platform)\$(Configuration)\webpdspdecode\upsampling_sse41.obj">
      <Filter>Object Libraries</Filter>
    </Object>
    <Object Include="$(Platform)\$(Configuration)\webputilsdecode\utils.obj">
      <Filter>Object Libraries</Filter>
    </Object>
    <Object Include="$(Platform)\$(Configuration)\webpdecode\vp8_dec.obj">
      <Filter>Object Libraries</Filter>
    </Object>
    <Object Include="$(Platform)\$(Configuration)\webpdecode\vp8l_dec.obj">
      <Filter>Object Libraries</Filter>
    </Object>
    <Object Include="$(Platform)\$(Configuration)\webpdecode\webp_dec.obj">
      <Filter>Object Libraries</Filter>
    </Object>
    <Object Include="$(Platform)\$(Configuration)\webpdspdecode\yuv.obj">
      <Filter>Object Libraries</Filter>
    </Object>
    <Object Include="$(Platform)\$(Configuration)\webpdspdecode\yuv_mips_dsp_r2.obj">
      <Filter>Object Libraries</Filter>
    </Object>
    <Object Include="$(Platform)\$(Configuration)\webpdspdecode\yuv_mips32.obj">
      <Filter>Object Libraries</Filter>
    </Object>
    <Object Include="$(Platform)\$(Configuration)\webpdspdecode\yuv_neon.obj">
      <Filter>Object Libraries</Filter>
    </Object>
    <Object Include="$(Platform)\$(Configuration)\webpdspdecode\yuv_sse2.obj">
      <Filter>Object Libraries</Filter>
    </Object>
    <Object Include="$(Platform)\$(Configuration)\webpdspdecode\yuv_sse41.obj">
      <Filter>Object Libraries</Filter>
    </Object>
  </ItemGroup>
  <ItemGroup>
    <Filter Include="Object Libraries">
      <UniqueIdentifier>{A24A79A7-BFD7-34FD-85DB-97C57EE07221}</UniqueIdentifier>
    </Filter>
  </ItemGroup>
</Project>