<?xml version="1.0" encoding="utf-8"?>
<Project ToolsVersion="4.0" xmlns="http://schemas.microsoft.com/developer/msbuild/2003">
  <ItemGroup>
    <Filter Include="源文件">
      <UniqueIdentifier>{4FC737F1-C7A5-4376-A066-2A32D752A2FF}</UniqueIdentifier>
      <Extensions>cpp;c;cc;cxx;def;odl;idl;hpj;bat;asm;asmx</Extensions>
    </Filter>
    <Filter Include="头文件">
      <UniqueIdentifier>{93995380-89BD-4b04-88EB-625FBE52EBFB}</UniqueIdentifier>
      <Extensions>h;hpp;hxx;hm;inl;inc;xsd</Extensions>
    </Filter>
    <Filter Include="资源文件">
      <UniqueIdentifier>{67DA6AB6-F800-4c08-8B7A-83BB121AAD01}</UniqueIdentifier>
      <Extensions>rc;ico;cur;bmp;dlg;rc2;rct;bin;rgs;gif;jpg;jpeg;jpe;resx;tiff;tif;png;wav;mfcribbon-ms</Extensions>
    </Filter>
    <Filter Include="DUIAttribute">
      <UniqueIdentifier>{9eb0f24b-59db-470e-a89e-2908504b990a}</UniqueIdentifier>
    </Filter>
    <Filter Include="DUIAttribute\DUINumber">
      <UniqueIdentifier>{29e61d5c-b3b8-40cb-b5a5-7a3fe10fba0b}</UniqueIdentifier>
    </Filter>
    <Filter Include="DUIAttribute\DUIText">
      <UniqueIdentifier>{b38f6c07-26c0-45b5-a81a-94a91b604018}</UniqueIdentifier>
    </Filter>
    <Filter Include="DUIControl">
      <UniqueIdentifier>{aa449470-cb06-444c-9ed1-0b204cfc32bc}</UniqueIdentifier>
    </Filter>
    <Filter Include="DUICore">
      <UniqueIdentifier>{745777b6-0bb4-41db-b845-9711facc2d87}</UniqueIdentifier>
    </Filter>
    <Filter Include="DUIManager">
      <UniqueIdentifier>{c338eb64-f8c7-4659-b18b-95cdff3dd59c}</UniqueIdentifier>
    </Filter>
    <Filter Include="DUIPack">
      <UniqueIdentifier>{8d74aff5-8fd3-4ea6-b751-660ba8797140}</UniqueIdentifier>
    </Filter>
    <Filter Include="DUIResource">
      <UniqueIdentifier>{426ca672-44d1-4a61-9e50-a7f08e8381c4}</UniqueIdentifier>
    </Filter>
    <Filter Include="DUIUtils">
      <UniqueIdentifier>{05d5d7ab-83a7-4b4a-969a-fddcb504889c}</UniqueIdentifier>
    </Filter>
    <Filter Include="DUIExport">
      <UniqueIdentifier>{2d220cc5-1361-4421-b229-a02ba3b0661a}</UniqueIdentifier>
    </Filter>
    <Filter Include="Define">
      <UniqueIdentifier>{b686be5d-09cb-4706-9a41-7fc8308b5d52}</UniqueIdentifier>
    </Filter>
  </ItemGroup>
  <ItemGroup>
    <ClInclude Include="stdafx.h">
      <Filter>头文件</Filter>
    </ClInclude>
    <ClInclude Include="targetver.h">
      <Filter>头文件</Filter>
    </ClInclude>
    <ClInclude Include="DUIControl\DUIControlBase.h">
      <Filter>DUIControl</Filter>
    </ClInclude>
    <ClInclude Include="DUIUtils\DUIRect.h">
      <Filter>DUIUtils</Filter>
    </ClInclude>
    <ClInclude Include="DUIControl\DUIButtonCtrl.h">
      <Filter>DUIControl</Filter>
    </ClInclude>
    <ClInclude Include="DUIResource\DUIFontBase.h">
      <Filter>DUIResource</Filter>
    </ClInclude>
    <ClInclude Include="DUIResource\DUIImageBase.h">
      <Filter>DUIResource</Filter>
    </ClInclude>
    <ClInclude Include="DUIResource\DUIResourceBase.h">
      <Filter>DUIResource</Filter>
    </ClInclude>
    <ClInclude Include="DUIManager\DUIGlobal.h">
      <Filter>DUIManager</Filter>
    </ClInclude>
    <ClInclude Include="resource.h">
      <Filter>头文件</Filter>
    </ClInclude>
    <ClInclude Include="DUIUtils\DUISize.h">
      <Filter>DUIUtils</Filter>
    </ClInclude>
    <ClInclude Include="DUIManager\DUIFactory.h">
      <Filter>DUIManager</Filter>
    </ClInclude>
    <ClInclude Include="DUIControl\DUIMenuCtrl.h">
      <Filter>DUIControl</Filter>
    </ClInclude>
    <ClInclude Include="DUIControl\DUICheckBoxCtrl.h">
      <Filter>DUIControl</Filter>
    </ClInclude>
    <ClInclude Include="DUIControl\DUIComboxCtrl.h">
      <Filter>DUIControl</Filter>
    </ClInclude>
    <ClInclude Include="DUIControl\DUIContainerCtrl.h">
      <Filter>DUIControl</Filter>
    </ClInclude>
    <ClInclude Include="DUIControl\DUIDateTimeCtrl.h">
      <Filter>DUIControl</Filter>
    </ClInclude>
    <ClInclude Include="DUIControl\DUIEditCtrl.h">
      <Filter>DUIControl</Filter>
    </ClInclude>
    <ClInclude Include="DUIControl\DUIHorizontalLayoutCtrl.h">
      <Filter>DUIControl</Filter>
    </ClInclude>
    <ClInclude Include="DUIControl\DUIHotKeyCtrl.h">
      <Filter>DUIControl</Filter>
    </ClInclude>
    <ClInclude Include="DUIControl\DUIIPAddressCtrl.h">
      <Filter>DUIControl</Filter>
    </ClInclude>
    <ClInclude Include="DUIControl\DUIListHeaderCtrl.h">
      <Filter>DUIControl</Filter>
    </ClInclude>
    <ClInclude Include="DUIControl\DUIListHeaderItemCtrl.h">
      <Filter>DUIControl</Filter>
    </ClInclude>
    <ClInclude Include="DUIControl\DUIListItemCtrl.h">
      <Filter>DUIControl</Filter>
    </ClInclude>
    <ClInclude Include="DUIControl\DUIListViewCtrl.h">
      <Filter>DUIControl</Filter>
    </ClInclude>
    <ClInclude Include="DUIControl\DUIProgressCtrl.h">
      <Filter>DUIControl</Filter>
    </ClInclude>
    <ClInclude Include="DUIControl\DUIRichEditCtrl.h">
      <Filter>DUIControl</Filter>
    </ClInclude>
    <ClInclude Include="DUIControl\DUIScrollBarCtrl.h">
      <Filter>DUIControl</Filter>
    </ClInclude>
    <ClInclude Include="DUIControl\DUISliderCtrl.h">
      <Filter>DUIControl</Filter>
    </ClInclude>
    <ClInclude Include="DUIControl\DUIStaticCtrl.h">
      <Filter>DUIControl</Filter>
    </ClInclude>
    <ClInclude Include="DUIControl\DUITabLayoutCtrl.h">
      <Filter>DUIControl</Filter>
    </ClInclude>
    <ClInclude Include="DUIControl\DUITreeNodeCtrl.h">
      <Filter>DUIControl</Filter>
    </ClInclude>
    <ClInclude Include="DUIControl\DUITreeViewCtrl.h">
      <Filter>DUIControl</Filter>
    </ClInclude>
    <ClInclude Include="DUIControl\DUIVerticalLayoutCtrl.h">
      <Filter>DUIControl</Filter>
    </ClInclude>
    <ClInclude Include="DUIControl\DUIRadioBoxCtrl.h">
      <Filter>DUIControl</Filter>
    </ClInclude>
    <ClInclude Include="DUIUtils\Utils.h">
      <Filter>DUIUtils</Filter>
    </ClInclude>
    <ClInclude Include="DUICore\DUIRender.h">
      <Filter>DUICore</Filter>
    </ClInclude>
    <ClInclude Include="DUIResource\DUIColorBase.h">
      <Filter>DUIResource</Filter>
    </ClInclude>
    <ClInclude Include="Interface.h">
      <Filter>头文件</Filter>
    </ClInclude>
    <ClInclude Include="DUICore\DUIAnimation.h">
      <Filter>DUICore</Filter>
    </ClInclude>
    <ClInclude Include="DUIExport\DefineAnimation.h">
      <Filter>DUIExport</Filter>
    </ClInclude>
    <ClInclude Include="DUICore\DUIPropertyObject.h">
      <Filter>DUICore</Filter>
    </ClInclude>
    <ClInclude Include="Define\DefineAttribute.h">
      <Filter>Define</Filter>
    </ClInclude>
    <ClInclude Include="Define\DefineControl.h">
      <Filter>Define</Filter>
    </ClInclude>
    <ClInclude Include="Define\DefineProp.h">
      <Filter>Define</Filter>
    </ClInclude>
    <ClInclude Include="Define\DefineResource.h">
      <Filter>Define</Filter>
    </ClInclude>
    <ClInclude Include="Define\DefineWndManager.h">
      <Filter>Define</Filter>
    </ClInclude>
    <ClInclude Include="DUIUtils\DUIPoint.h">
      <Filter>DUIUtils</Filter>
    </ClInclude>
    <ClInclude Include="DUIExport\DefineBase.h">
      <Filter>DUIExport</Filter>
    </ClInclude>
    <ClInclude Include="DUIExport\DefineMessage.h">
      <Filter>DUIExport</Filter>
    </ClInclude>
    <ClInclude Include="DUIExport\DefineControl.h">
      <Filter>DUIExport</Filter>
    </ClInclude>
    <ClInclude Include="DUIExport\DefineAttribute.h">
      <Filter>DUIExport</Filter>
    </ClInclude>
    <ClInclude Include="Define\DefineMessage.h">
      <Filter>Define</Filter>
    </ClInclude>
    <ClInclude Include="DUIExport\IDUIInterface.h">
      <Filter>DUIExport</Filter>
    </ClInclude>
    <ClInclude Include="DUIControl\DUICalendarCtrl.h">
      <Filter>DUIControl</Filter>
    </ClInclude>
    <ClInclude Include="DUIExport\DUIStruct.h">
      <Filter>DUIExport</Filter>
    </ClInclude>
    <ClInclude Include="DUIControl\DUIRotateMenuCtrl.h">
      <Filter>DUIControl</Filter>
    </ClInclude>
    <ClInclude Include="DUICore\DUIWnd.h">
      <Filter>DUICore</Filter>
    </ClInclude>
    <ClInclude Include="DUIExport\IDUIGlobal.h">
      <Filter>DUIExport</Filter>
    </ClInclude>
    <ClInclude Include="DUIExport\DefineResource.h">
      <Filter>DUIExport</Filter>
    </ClInclude>
    <ClInclude Include="DUIExport\IDUIFactory.h">
      <Filter>DUIExport</Filter>
    </ClInclude>
    <ClInclude Include="Define\DefineBase.h">
      <Filter>Define</Filter>
    </ClInclude>
    <ClInclude Include="DUIStruct.h">
      <Filter>头文件</Filter>
    </ClInclude>
    <ClInclude Include="DUIControl\DUIAnimateCtrl.h">
      <Filter>DUIControl</Filter>
    </ClInclude>
    <ClInclude Include="DUIAttribute\DUINumber\DUIAttributeFloat.h">
      <Filter>DUIAttribute\DUINumber</Filter>
    </ClInclude>
    <ClInclude Include="DUIAttribute\DUINumber\DUIAttributeLong.h">
      <Filter>DUIAttribute\DUINumber</Filter>
    </ClInclude>
    <ClInclude Include="DUIAttribute\DUIText\DUIAttributeRichText.h">
      <Filter>DUIAttribute\DUIText</Filter>
    </ClInclude>
    <ClInclude Include="DUIAttribute\DUIText\DUIAttributeText.h">
      <Filter>DUIAttribute\DUIText</Filter>
    </ClInclude>
    <ClInclude Include="DUIAttribute\DUIText\DUIAttributeTextStyle.h">
      <Filter>DUIAttribute\DUIText</Filter>
    </ClInclude>
    <ClInclude Include="DUIAttribute\DUIAttributeBool.h">
      <Filter>DUIAttribute</Filter>
    </ClInclude>
    <ClInclude Include="DUIAttribute\DUIAttributeColor.h">
      <Filter>DUIAttribute</Filter>
    </ClInclude>
    <ClInclude Include="DUIAttribute\DUIAttributeColorSwitch.h">
      <Filter>DUIAttribute</Filter>
    </ClInclude>
    <ClInclude Include="DUIAttribute\DUIAttributeCombox.h">
      <Filter>DUIAttribute</Filter>
    </ClInclude>
    <ClInclude Include="DUIAttribute\DUIAttributeCursor.h">
      <Filter>DUIAttribute</Filter>
    </ClInclude>
    <ClInclude Include="DUIAttribute\DUIAttributeGroup.h">
      <Filter>DUIAttribute</Filter>
    </ClInclude>
    <ClInclude Include="DUIAttribute\DUIAttributeObject.h">
      <Filter>DUIAttribute</Filter>
    </ClInclude>
    <ClInclude Include="DUIAttribute\DUIAttributePosition.h">
      <Filter>DUIAttribute</Filter>
    </ClInclude>
    <ClInclude Include="DUIAttribute\DUIAttributeRect.h">
      <Filter>DUIAttribute</Filter>
    </ClInclude>
    <ClInclude Include="DUIAttribute\DUIAttributeSize.h">
      <Filter>DUIAttribute</Filter>
    </ClInclude>
    <ClInclude Include="DUIAttribute\DUIAttriImageSection.h">
      <Filter>DUIAttribute</Filter>
    </ClInclude>
    <ClInclude Include="DUIAttribute\DUIAttriModelSelect.h">
      <Filter>DUIAttribute</Filter>
    </ClInclude>
    <ClInclude Include="DUIXmlPack\DUIXmlPack.h">
      <Filter>DUIPack</Filter>
    </ClInclude>
    <ClInclude Include="DUIAttribute\DUIAttributeHotKey.h">
      <Filter>DUIAttribute</Filter>
    </ClInclude>
    <ClInclude Include="DUIControl\DUIThinkEditCtrl.h">
      <Filter>DUIControl</Filter>
    </ClInclude>
    <ClInclude Include="DUIControl\DUISpinCtrl.h">
      <Filter>DUIControl</Filter>
    </ClInclude>
    <ClInclude Include="DUIAttribute\DUINumber\DUIAttributeULong.h">
      <Filter>DUIAttribute\DUINumber</Filter>
    </ClInclude>
    <ClInclude Include="DUIAttribute\DUIAttriViewSelect.h">
      <Filter>DUIAttribute</Filter>
    </ClInclude>
    <ClInclude Include="DUIAttribute\DUIAttriTabSelect.h">
      <Filter>DUIAttribute</Filter>
    </ClInclude>
    <ClInclude Include="DUIControl\DUIInstrumentCtrl.h">
      <Filter>DUIControl</Filter>
    </ClInclude>
    <ClInclude Include="DUIUtils\XUnzip.h">
      <Filter>DUIUtils</Filter>
    </ClInclude>
    <ClInclude Include="DUIThinkHead.h">
      <Filter>头文件</Filter>
    </ClInclude>
    <ClInclude Include="DUIControl\DUIClockCtrl.h">
      <Filter>DUIControl</Filter>
    </ClInclude>
    <ClInclude Include="DUIControl\DUIGroupCtrl.h">
      <Filter>DUIControl</Filter>
    </ClInclude>
    <ClInclude Include="DUIControl\DUIWaterCtrl.h">
      <Filter>DUIControl</Filter>
    </ClInclude>
    <ClInclude Include="DUIAttribute\DUINumber\DUIAttributeCtrlID.h">
      <Filter>DUIAttribute\DUINumber</Filter>
    </ClInclude>
    <ClInclude Include="DUICore\DUINotifyPump.h">
      <Filter>DUICore</Filter>
    </ClInclude>
  </ItemGroup>
  <ItemGroup>
    <ClCompile Include="stdafx.cpp">
      <Filter>源文件</Filter>
    </ClCompile>
    <ClCompile Include="DUIControl\DUIButtonCtrl.cpp">
      <Filter>DUIControl</Filter>
    </ClCompile>
    <ClCompile Include="DUIControl\DUICheckBoxCtrl.cpp">
      <Filter>DUIControl</Filter>
    </ClCompile>
    <ClCompile Include="DUIControl\DUIComboxCtrl.cpp">
      <Filter>DUIControl</Filter>
    </ClCompile>
    <ClCompile Include="DUIControl\DUIContainerCtrl.cpp">
      <Filter>DUIControl</Filter>
    </ClCompile>
    <ClCompile Include="DUIControl\DUIControlBase.cpp">
      <Filter>DUIControl</Filter>
    </ClCompile>
    <ClCompile Include="DUIControl\DUIDateTimeCtrl.cpp">
      <Filter>DUIControl</Filter>
    </ClCompile>
    <ClCompile Include="DUIControl\DUIEditCtrl.cpp">
      <Filter>DUIControl</Filter>
    </ClCompile>
    <ClCompile Include="DUIControl\DUIHorizontalLayoutCtrl.cpp">
      <Filter>DUIControl</Filter>
    </ClCompile>
    <ClCompile Include="DUIControl\DUIHotKeyCtrl.cpp">
      <Filter>DUIControl</Filter>
    </ClCompile>
    <ClCompile Include="DUIControl\DUIIPAddressCtrl.cpp">
      <Filter>DUIControl</Filter>
    </ClCompile>
    <ClCompile Include="DUIControl\DUIListHeaderCtrl.cpp">
      <Filter>DUIControl</Filter>
    </ClCompile>
    <ClCompile Include="DUIControl\DUIListHeaderItemCtrl.cpp">
      <Filter>DUIControl</Filter>
    </ClCompile>
    <ClCompile Include="DUIControl\DUIListItemCtrl.cpp">
      <Filter>DUIControl</Filter>
    </ClCompile>
    <ClCompile Include="DUIControl\DUIListViewCtrl.cpp">
      <Filter>DUIControl</Filter>
    </ClCompile>
    <ClCompile Include="DUIControl\DUIMenuCtrl.cpp">
      <Filter>DUIControl</Filter>
    </ClCompile>
    <ClCompile Include="DUIControl\DUIProgressCtrl.cpp">
      <Filter>DUIControl</Filter>
    </ClCompile>
    <ClCompile Include="DUIControl\DUIRadioBoxCtrl.cpp">
      <Filter>DUIControl</Filter>
    </ClCompile>
    <ClCompile Include="DUIControl\DUIRichEditCtrl.cpp">
      <Filter>DUIControl</Filter>
    </ClCompile>
    <ClCompile Include="DUIControl\DUIScrollBarCtrl.cpp">
      <Filter>DUIControl</Filter>
    </ClCompile>
    <ClCompile Include="DUIControl\DUISliderCtrl.cpp">
      <Filter>DUIControl</Filter>
    </ClCompile>
    <ClCompile Include="DUIControl\DUIStaticCtrl.cpp">
      <Filter>DUIControl</Filter>
    </ClCompile>
    <ClCompile Include="DUIControl\DUITabLayoutCtrl.cpp">
      <Filter>DUIControl</Filter>
    </ClCompile>
    <ClCompile Include="DUIControl\DUITreeNodeCtrl.cpp">
      <Filter>DUIControl</Filter>
    </ClCompile>
    <ClCompile Include="DUIControl\DUITreeViewCtrl.cpp">
      <Filter>DUIControl</Filter>
    </ClCompile>
    <ClCompile Include="DUIControl\DUIVerticalLayoutCtrl.cpp">
      <Filter>DUIControl</Filter>
    </ClCompile>
    <ClCompile Include="DUICore\DUIRender.cpp">
      <Filter>DUICore</Filter>
    </ClCompile>
    <ClCompile Include="DUIManager\DUIFactory.cpp">
      <Filter>DUIManager</Filter>
    </ClCompile>
    <ClCompile Include="DUIManager\DUIGlobal.cpp">
      <Filter>DUIManager</Filter>
    </ClCompile>
    <ClCompile Include="DUIResource\DUIFontBase.cpp">
      <Filter>DUIResource</Filter>
    </ClCompile>
    <ClCompile Include="DUIResource\DUIImageBase.cpp">
      <Filter>DUIResource</Filter>
    </ClCompile>
    <ClCompile Include="DUIResource\DUIResourceBase.cpp">
      <Filter>DUIResource</Filter>
    </ClCompile>
    <ClCompile Include="DUIUtils\DUIRect.cpp">
      <Filter>DUIUtils</Filter>
    </ClCompile>
    <ClCompile Include="DUIUtils\DUISize.cpp">
      <Filter>DUIUtils</Filter>
    </ClCompile>
    <ClCompile Include="DUIUtils\Utils.cpp">
      <Filter>DUIUtils</Filter>
    </ClCompile>
    <ClCompile Include="DUIResource\DUIColorBase.cpp">
      <Filter>DUIResource</Filter>
    </ClCompile>
    <ClCompile Include="DUICore\DUIAnimation.cpp">
      <Filter>DUICore</Filter>
    </ClCompile>
    <ClCompile Include="DUICore\DUIPropertyObject.cpp">
      <Filter>DUICore</Filter>
    </ClCompile>
    <ClCompile Include="DUIUtils\DUIPoint.cpp">
      <Filter>DUIUtils</Filter>
    </ClCompile>
    <ClCompile Include="Interface.cpp">
      <Filter>源文件</Filter>
    </ClCompile>
    <ClCompile Include="DUIExport\IDUIInterface.cpp">
      <Filter>DUIExport</Filter>
    </ClCompile>
    <ClCompile Include="DUIControl\DUICalendarCtrl.cpp">
      <Filter>DUIControl</Filter>
    </ClCompile>
    <ClCompile Include="DUIControl\DUIRotateMenuCtrl.cpp">
      <Filter>DUIControl</Filter>
    </ClCompile>
    <ClCompile Include="DUICore\DUIWnd.cpp">
      <Filter>DUICore</Filter>
    </ClCompile>
    <ClCompile Include="DUIControl\DUIAnimateCtrl.cpp">
      <Filter>DUIControl</Filter>
    </ClCompile>
    <ClCompile Include="DUIAttribute\DUINumber\DUIAttributeFloat.cpp">
      <Filter>DUIAttribute\DUINumber</Filter>
    </ClCompile>
    <ClCompile Include="DUIAttribute\DUINumber\DUIAttributeLong.cpp">
      <Filter>DUIAttribute\DUINumber</Filter>
    </ClCompile>
    <ClCompile Include="DUIAttribute\DUIText\DUIAttributeRichText.cpp">
      <Filter>DUIAttribute\DUIText</Filter>
    </ClCompile>
    <ClCompile Include="DUIAttribute\DUIText\DUIAttributeText.cpp">
      <Filter>DUIAttribute\DUIText</Filter>
    </ClCompile>
    <ClCompile Include="DUIAttribute\DUIText\DUIAttributeTextStyle.cpp">
      <Filter>DUIAttribute\DUIText</Filter>
    </ClCompile>
    <ClCompile Include="DUIAttribute\DUIAttributeBool.cpp">
      <Filter>DUIAttribute</Filter>
    </ClCompile>
    <ClCompile Include="DUIAttribute\DUIAttributeColor.cpp">
      <Filter>DUIAttribute</Filter>
    </ClCompile>
    <ClCompile Include="DUIAttribute\DUIAttributeColorSwitch.cpp">
      <Filter>DUIAttribute</Filter>
    </ClCompile>
    <ClCompile Include="DUIAttribute\DUIAttributeCombox.cpp">
      <Filter>DUIAttribute</Filter>
    </ClCompile>
    <ClCompile Include="DUIAttribute\DUIAttributeCursor.cpp">
      <Filter>DUIAttribute</Filter>
    </ClCompile>
    <ClCompile Include="DUIAttribute\DUIAttributeGroup.cpp">
      <Filter>DUIAttribute</Filter>
    </ClCompile>
    <ClCompile Include="DUIAttribute\DUIAttributeObject.cpp">
      <Filter>DUIAttribute</Filter>
    </ClCompile>
    <ClCompile Include="DUIAttribute\DUIAttributePosition.cpp">
      <Filter>DUIAttribute</Filter>
    </ClCompile>
    <ClCompile Include="DUIAttribute\DUIAttributeRect.cpp">
      <Filter>DUIAttribute</Filter>
    </ClCompile>
    <ClCompile Include="DUIAttribute\DUIAttributeSize.cpp">
      <Filter>DUIAttribute</Filter>
    </ClCompile>
    <ClCompile Include="DUIAttribute\DUIAttriImageSection.cpp">
      <Filter>DUIAttribute</Filter>
    </ClCompile>
    <ClCompile Include="DUIAttribute\DUIAttriModelSelect.cpp">
      <Filter>DUIAttribute</Filter>
    </ClCompile>
    <ClCompile Include="DUIXmlPack\DUIXmlPack.cpp">
      <Filter>DUIPack</Filter>
    </ClCompile>
    <ClCompile Include="DUIAttribute\DUIAttributeHotKey.cpp">
      <Filter>DUIAttribute</Filter>
    </ClCompile>
    <ClCompile Include="DUIControl\DUIThinkEditCtrl.cpp">
      <Filter>DUIControl</Filter>
    </ClCompile>
    <ClCompile Include="DUIControl\DUISpinCtrl.cpp">
      <Filter>DUIControl</Filter>
    </ClCompile>
    <ClCompile Include="DUIUtils\stb_image.h">
      <Filter>DUIUtils</Filter>
    </ClCompile>
    <ClCompile Include="DUIAttribute\DUINumber\DUIAttributeULong.cpp">
      <Filter>DUIAttribute\DUINumber</Filter>
    </ClCompile>
    <ClCompile Include="DUIAttribute\DUIAttriViewSelect.cpp">
      <Filter>DUIAttribute</Filter>
    </ClCompile>
    <ClCompile Include="DUIAttribute\DUIAttriTabSelect.cpp">
      <Filter>DUIAttribute</Filter>
    </ClCompile>
    <ClCompile Include="DUIControl\DUIInstrumentCtrl.cpp">
      <Filter>DUIControl</Filter>
    </ClCompile>
    <ClCompile Include="DUIUtils\XUnzip.cpp">
      <Filter>DUIUtils</Filter>
    </ClCompile>
    <ClCompile Include="DUIControl\DUIClockCtrl.cpp">
      <Filter>DUIControl</Filter>
    </ClCompile>
    <ClCompile Include="DUIControl\DUIGroupCtrl.cpp">
      <Filter>DUIControl</Filter>
    </ClCompile>
    <ClCompile Include="DUIControl\DUIWaterCtrl.cpp">
      <Filter>DUIControl</Filter>
    </ClCompile>
    <ClCompile Include="DUIAttribute\DUINumber\DUIAttributeCtrlID.cpp">
      <Filter>DUIAttribute\DUINumber</Filter>
    </ClCompile>
    <ClCompile Include="DUICore\DUINotifyPump.cpp">
      <Filter>DUICore</Filter>
    </ClCompile>
  </ItemGroup>
  <ItemGroup>
    <ResourceCompile Include="DUIThink.rc">
      <Filter>资源文件</Filter>
    </ResourceCompile>
  </ItemGroup>
</Project>